
Microsoft Visual Studio Solution File, Format Version 12.00
# Visual Studio Version 16
VisualStudioVersion = 16.0.31702.278
MinimumVisualStudioVersion = 10.0.40219.1
Project("{FAE04EC0-301F-11D3-BF4B-00C04F79EFBC}") = "Ages", "..\..\..\source\repos\ProgrammingFundExercise\ProgrammingFundExercise\Ages.csproj", "{7F1638A9-8FC0-46BA-BC51-AFBE0459EB0F}"
EndProject
Project("{FAE04EC0-301F-11D3-BF4B-00C04F79EFBC}") = "Division", "..\..\..\source\repos\ProgrammingFundExercise\Division\Division.csproj", "{92712AF8-F6D6-4BE5-8370-EE4E136E4C81}"
EndProject
Project("{FAE04EC0-301F-11D3-BF4B-00C04F79EFBC}") = "Vacation", "..\..\..\source\repos\ProgrammingFundExercise\Vacation\Vacation.csproj", "{BC4ACADD-E5FF-40CF-9A54-C2058FE5FE6C}"
EndProject
Project("{FAE04EC0-301F-11D3-BF4B-00C04F79EFBC}") = "PrintAndSum", "..\..\..\source\repos\ProgrammingFundExercise\PrintAndSum\PrintAndSum.csproj", "{76CA1D93-B721-40A2-83BB-1831D8AAE013}"
EndProject
Project("{FAE04EC0-301F-11D3-BF4B-00C04F79EFBC}") = "Login", "..\..\..\source\repos\ProgrammingFundExercise\Login\Login.csproj", "{0B374227-C4E8-4E42-90D3-1FC50267FC39}"
EndProject
Project("{FAE04EC0-301F-11D3-BF4B-00C04F79EFBC}") = "StrongNumber", "..\..\..\source\repos\ProgrammingFundExercise\StrongNumber\StrongNumber.csproj", "{15102BE7-09AD-4DD3-A238-ED2AB76F7983}"
EndProject
Global
	GlobalSection(SolutionConfigurationPlatforms) = preSolution
		Debug|Any CPU = Debug|Any CPU
		Release|Any CPU = Release|Any CPU
	EndGlobalSection
	GlobalSection(ProjectConfigurationPlatforms) = postSolution
		{7F1638A9-8FC0-46BA-BC51-AFBE0459EB0F}.Debug|Any CPU.ActiveCfg = Debug|Any CPU
		{7F1638A9-8FC0-46BA-BC51-AFBE0459EB0F}.Debug|Any CPU.Build.0 = Debug|Any CPU
		{7F1638A9-8FC0-46BA-BC51-AFBE0459EB0F}.Release|Any CPU.ActiveCfg = Release|Any CPU
		{7F1638A9-8FC0-46BA-BC51-AFBE0459EB0F}.Release|Any CPU.Build.0 = Release|Any CPU
		{92712AF8-F6D6-4BE5-8370-EE4E136E4C81}.Debug|Any CPU.ActiveCfg = Debug|Any CPU
		{92712AF8-F6D6-4BE5-8370-EE4E136E4C81}.Debug|Any CPU.Build.0 = Debug|Any CPU
		{92712AF8-F6D6-4BE5-8370-EE4E136E4C81}.Release|Any CPU.ActiveCfg = Release|Any CPU
		{92712AF8-F6D6-4BE5-8370-EE4E136E4C81}.Release|Any CPU.Build.0 = Release|Any CPU
		{BC4ACADD-E5FF-40CF-9A54-C2058FE5FE6C}.Debug|Any CPU.ActiveCfg = Debug|Any CPU
		{BC4ACADD-E5FF-40CF-9A54-C2058FE5FE6C}.Debug|Any CPU.Build.0 = Debug|Any CPU
		{BC4ACADD-E5FF-40CF-9A54-C2058FE5FE6C}.Release|Any CPU.ActiveCfg = Release|Any CPU
		{BC4ACADD-E5FF-40CF-9A54-C2058FE5FE6C}.Release|Any CPU.Build.0 = Release|Any CPU
		{76CA1D93-B721-40A2-83BB-1831D8AAE013}.Debug|Any CPU.ActiveCfg = Debug|Any CPU
		{76CA1D93-B721-40A2-83BB-1831D8AAE013}.Debug|Any CPU.Build.0 = Debug|Any CPU
		{76CA1D93-B721-40A2-83BB-1831D8AAE013}.Release|Any CPU.ActiveCfg = Release|Any CPU
		{76CA1D93-B721-40A2-83BB-1831D8AAE013}.Release|Any CPU.Build.0 = Release|Any CPU
		{0B374227-C4E8-4E42-90D3-1FC50267FC39}.Debug|Any CPU.ActiveCfg = Debug|Any CPU
		{0B374227-C4E8-4E42-90D3-1FC50267FC39}.Debug|Any CPU.Build.0 = Debug|Any CPU
		{0B374227-C4E8-4E42-90D3-1FC50267FC39}.Release|Any CPU.ActiveCfg = Release|Any CPU
		{0B374227-C4E8-4E42-90D3-1FC50267FC39}.Release|Any CPU.Build.0 = Release|Any CPU
		{15102BE7-09AD-4DD3-A238-ED2AB76F7983}.Debug|Any CPU.ActiveCfg = Debug|Any CPU
		{15102BE7-09AD-4DD3-A238-ED2AB76F7983}.Debug|Any CPU.Build.0 = Debug|Any CPU
		{15102BE7-09AD-4DD3-A238-ED2AB76F7983}.Release|Any CPU.ActiveCfg = Release|Any CPU
		{15102BE7-09AD-4DD3-A238-ED2AB76F7983}.Release|Any CPU.Build.0 = Release|Any CPU
	EndGlobalSection
	GlobalSection(SolutionProperties) = preSolution
		HideSolutionNode = FALSE
	EndGlobalSection
	GlobalSection(ExtensibilityGlobals) = postSolution
		SolutionGuid = {69826E15-7960-4786-BED9-B5E2B8F48EBE}
	EndGlobalSection
EndGlobal
