
Microsoft Visual Studio Solution File, Format Version 12.00
# Visual Studio Version 16
VisualStudioVersion = 16.0.31702.278
MinimumVisualStudioVersion = 10.0.40219.1
Project("{FAE04EC0-301F-11D3-BF4B-00C04F79EFBC}") = "MatchFullName", "MatchFullName\MatchFullName.csproj", "{67DCDF98-EBE1-4381-967F-384B32630AF5}"
EndProject
Project("{FAE04EC0-301F-11D3-BF4B-00C04F79EFBC}") = "MatchPhoneNumber", "MatchPhoneNumber\MatchPhoneNumber.csproj", "{F37550E6-D898-4AD6-8A07-7219ABCBEFB9}"
EndProject
Project("{FAE04EC0-301F-11D3-BF4B-00C04F79EFBC}") = "MatchDates", "MatchDates\MatchDates.csproj", "{A0566316-0079-4ABA-83B1-B9351845D957}"
EndProject
Project("{FAE04EC0-301F-11D3-BF4B-00C04F79EFBC}") = "Furniture", "Furniture\Furniture.csproj", "{AFAA5677-B0C0-4C2D-9DFF-9C30F981C5FE}"
EndProject
Project("{FAE04EC0-301F-11D3-BF4B-00C04F79EFBC}") = "Race", "Race\Race.csproj", "{191FAEF7-5CCC-42C0-85BA-F1A8BD83FED8}"
EndProject
Global
	GlobalSection(SolutionConfigurationPlatforms) = preSolution
		Debug|Any CPU = Debug|Any CPU
		Release|Any CPU = Release|Any CPU
	EndGlobalSection
	GlobalSection(ProjectConfigurationPlatforms) = postSolution
		{67DCDF98-EBE1-4381-967F-384B32630AF5}.Debug|Any CPU.ActiveCfg = Debug|Any CPU
		{67DCDF98-EBE1-4381-967F-384B32630AF5}.Debug|Any CPU.Build.0 = Debug|Any CPU
		{67DCDF98-EBE1-4381-967F-384B32630AF5}.Release|Any CPU.ActiveCfg = Release|Any CPU
		{67DCDF98-EBE1-4381-967F-384B32630AF5}.Release|Any CPU.Build.0 = Release|Any CPU
		{F37550E6-D898-4AD6-8A07-7219ABCBEFB9}.Debug|Any CPU.ActiveCfg = Debug|Any CPU
		{F37550E6-D898-4AD6-8A07-7219ABCBEFB9}.Debug|Any CPU.Build.0 = Debug|Any CPU
		{F37550E6-D898-4AD6-8A07-7219ABCBEFB9}.Release|Any CPU.ActiveCfg = Release|Any CPU
		{F37550E6-D898-4AD6-8A07-7219ABCBEFB9}.Release|Any CPU.Build.0 = Release|Any CPU
		{A0566316-0079-4ABA-83B1-B9351845D957}.Debug|Any CPU.ActiveCfg = Debug|Any CPU
		{A0566316-0079-4ABA-83B1-B9351845D957}.Debug|Any CPU.Build.0 = Debug|Any CPU
		{A0566316-0079-4ABA-83B1-B9351845D957}.Release|Any CPU.ActiveCfg = Release|Any CPU
		{A0566316-0079-4ABA-83B1-B9351845D957}.Release|Any CPU.Build.0 = Release|Any CPU
		{AFAA5677-B0C0-4C2D-9DFF-9C30F981C5FE}.Debug|Any CPU.ActiveCfg = Debug|Any CPU
		{AFAA5677-B0C0-4C2D-9DFF-9C30F981C5FE}.Debug|Any CPU.Build.0 = Debug|Any CPU
		{AFAA5677-B0C0-4C2D-9DFF-9C30F981C5FE}.Release|Any CPU.ActiveCfg = Release|Any CPU
		{AFAA5677-B0C0-4C2D-9DFF-9C30F981C5FE}.Release|Any CPU.Build.0 = Release|Any CPU
		{191FAEF7-5CCC-42C0-85BA-F1A8BD83FED8}.Debug|Any CPU.ActiveCfg = Debug|Any CPU
		{191FAEF7-5CCC-42C0-85BA-F1A8BD83FED8}.Debug|Any CPU.Build.0 = Debug|Any CPU
		{191FAEF7-5CCC-42C0-85BA-F1A8BD83FED8}.Release|Any CPU.ActiveCfg = Release|Any CPU
		{191FAEF7-5CCC-42C0-85BA-F1A8BD83FED8}.Release|Any CPU.Build.0 = Release|Any CPU
	EndGlobalSection
	GlobalSection(SolutionProperties) = preSolution
		HideSolutionNode = FALSE
	EndGlobalSection
	GlobalSection(ExtensibilityGlobals) = postSolution
		SolutionGuid = {F56D3509-2001-4D26-BB10-45A58B064A3D}
	EndGlobalSection
EndGlobal
