
Microsoft Visual Studio Solution File, Format Version 12.00
# Visual Studio Version 16
VisualStudioVersion = 16.0.31702.278
MinimumVisualStudioVersion = 10.0.40219.1
Project("{FAE04EC0-301F-11D3-BF4B-00C04F79EFBC}") = "ThePianist", "ThePianist\ThePianist.csproj", "{8DF59E72-C1F4-40AB-B8AD-04C5EA45D67D}"
EndProject
Project("{FAE04EC0-301F-11D3-BF4B-00C04F79EFBC}") = "HeroesOfCodeAndLogicVII", "HeroesOfCodeAndLogicVII\HeroesOfCodeAndLogicVII.csproj", "{6F005279-9DCC-4898-A4DE-EE128B3BC889}"
EndProject
Global
	GlobalSection(SolutionConfigurationPlatforms) = preSolution
		Debug|Any CPU = Debug|Any CPU
		Release|Any CPU = Release|Any CPU
	EndGlobalSection
	GlobalSection(ProjectConfigurationPlatforms) = postSolution
		{8DF59E72-C1F4-40AB-B8AD-04C5EA45D67D}.Debug|Any CPU.ActiveCfg = Debug|Any CPU
		{8DF59E72-C1F4-40AB-B8AD-04C5EA45D67D}.Debug|Any CPU.Build.0 = Debug|Any CPU
		{8DF59E72-C1F4-40AB-B8AD-04C5EA45D67D}.Release|Any CPU.ActiveCfg = Release|Any CPU
		{8DF59E72-C1F4-40AB-B8AD-04C5EA45D67D}.Release|Any CPU.Build.0 = Release|Any CPU
		{6F005279-9DCC-4898-A4DE-EE128B3BC889}.Debug|Any CPU.ActiveCfg = Debug|Any CPU
		{6F005279-9DCC-4898-A4DE-EE128B3BC889}.Debug|Any CPU.Build.0 = Debug|Any CPU
		{6F005279-9DCC-4898-A4DE-EE128B3BC889}.Release|Any CPU.ActiveCfg = Release|Any CPU
		{6F005279-9DCC-4898-A4DE-EE128B3BC889}.Release|Any CPU.Build.0 = Release|Any CPU
	EndGlobalSection
	GlobalSection(SolutionProperties) = preSolution
		HideSolutionNode = FALSE
	EndGlobalSection
	GlobalSection(ExtensibilityGlobals) = postSolution
		SolutionGuid = {6137EB13-E34A-45C8-ABDB-3546D5E344DF}
	EndGlobalSection
EndGlobal
