
Microsoft Visual Studio Solution File, Format Version 12.00
# Visual Studio Version 17
VisualStudioVersion = 17.2.32526.322
MinimumVisualStudioVersion = 10.0.40219.1
Project("{9A19103F-16F7-4668-BE54-9A1E7A4F7556}") = "ThePianist", "ThePianist\ThePianist.csproj", "{8DF59E72-C1F4-40AB-B8AD-04C5EA45D67D}"
EndProject
Project("{9A19103F-16F7-4668-BE54-9A1E7A4F7556}") = "HeroesOfCodeAndLogicVII", "HeroesOfCodeAndLogicVII\HeroesOfCodeAndLogicVII.csproj", "{6F005279-9DCC-4898-A4DE-EE128B3BC889}"
EndProject
Project("{9A19103F-16F7-4668-BE54-9A1E7A4F7556}") = "EmojiDetector", "EmojiDetector\EmojiDetector.csproj", "{56FDD4D0-EB59-4390-92B4-400C92A2E5CB}"
EndProject
Project("{9A19103F-16F7-4668-BE54-9A1E7A4F7556}") = "DestinationMapper", "DestinationMapper\DestinationMapper.csproj", "{A0C600FD-E375-4E2D-B58B-EF2D9135EBB8}"
EndProject
Project("{9A19103F-16F7-4668-BE54-9A1E7A4F7556}") = "MirrorWords", "MirrorWords\MirrorWords.csproj", "{C9DDB0B6-C187-4B3C-A9D9-504B8E0E2338}"
EndProject
Project("{9A19103F-16F7-4668-BE54-9A1E7A4F7556}") = "FancyBarcodes", "FancyBarcodes\FancyBarcodes.csproj", "{5DBDDDAA-5639-4390-8530-AE2E3E23EA2C}"
EndProject
Project("{9A19103F-16F7-4668-BE54-9A1E7A4F7556}") = "NeedForSpeedIII", "NeedForSpeedIII\NeedForSpeedIII.csproj", "{7D35D79F-5452-4012-9BBC-A0679233173E}"
EndProject
Project("{FAE04EC0-301F-11D3-BF4B-00C04F79EFBC}") = "TheImitationGame", "TheImitationGame\TheImitationGame.csproj", "{5E15CCC2-EEE6-4BD1-B83E-73E485C56460}"
EndProject
Global
	GlobalSection(SolutionConfigurationPlatforms) = preSolution
		Debug|Any CPU = Debug|Any CPU
		Release|Any CPU = Release|Any CPU
	EndGlobalSection
	GlobalSection(ProjectConfigurationPlatforms) = postSolution
		{8DF59E72-C1F4-40AB-B8AD-04C5EA45D67D}.Debug|Any CPU.ActiveCfg = Debug|Any CPU
		{8DF59E72-C1F4-40AB-B8AD-04C5EA45D67D}.Debug|Any CPU.Build.0 = Debug|Any CPU
		{8DF59E72-C1F4-40AB-B8AD-04C5EA45D67D}.Release|Any CPU.ActiveCfg = Release|Any CPU
		{8DF59E72-C1F4-40AB-B8AD-04C5EA45D67D}.Release|Any CPU.Build.0 = Release|Any CPU
		{6F005279-9DCC-4898-A4DE-EE128B3BC889}.Debug|Any CPU.ActiveCfg = Debug|Any CPU
		{6F005279-9DCC-4898-A4DE-EE128B3BC889}.Debug|Any CPU.Build.0 = Debug|Any CPU
		{6F005279-9DCC-4898-A4DE-EE128B3BC889}.Release|Any CPU.ActiveCfg = Release|Any CPU
		{6F005279-9DCC-4898-A4DE-EE128B3BC889}.Release|Any CPU.Build.0 = Release|Any CPU
		{56FDD4D0-EB59-4390-92B4-400C92A2E5CB}.Debug|Any CPU.ActiveCfg = Debug|Any CPU
		{56FDD4D0-EB59-4390-92B4-400C92A2E5CB}.Debug|Any CPU.Build.0 = Debug|Any CPU
		{56FDD4D0-EB59-4390-92B4-400C92A2E5CB}.Release|Any CPU.ActiveCfg = Release|Any CPU
		{56FDD4D0-EB59-4390-92B4-400C92A2E5CB}.Release|Any CPU.Build.0 = Release|Any CPU
		{A0C600FD-E375-4E2D-B58B-EF2D9135EBB8}.Debug|Any CPU.ActiveCfg = Debug|Any CPU
		{A0C600FD-E375-4E2D-B58B-EF2D9135EBB8}.Debug|Any CPU.Build.0 = Debug|Any CPU
		{A0C600FD-E375-4E2D-B58B-EF2D9135EBB8}.Release|Any CPU.ActiveCfg = Release|Any CPU
		{A0C600FD-E375-4E2D-B58B-EF2D9135EBB8}.Release|Any CPU.Build.0 = Release|Any CPU
		{C9DDB0B6-C187-4B3C-A9D9-504B8E0E2338}.Debug|Any CPU.ActiveCfg = Debug|Any CPU
		{C9DDB0B6-C187-4B3C-A9D9-504B8E0E2338}.Debug|Any CPU.Build.0 = Debug|Any CPU
		{C9DDB0B6-C187-4B3C-A9D9-504B8E0E2338}.Release|Any CPU.ActiveCfg = Release|Any CPU
		{C9DDB0B6-C187-4B3C-A9D9-504B8E0E2338}.Release|Any CPU.Build.0 = Release|Any CPU
		{5DBDDDAA-5639-4390-8530-AE2E3E23EA2C}.Debug|Any CPU.ActiveCfg = Debug|Any CPU
		{5DBDDDAA-5639-4390-8530-AE2E3E23EA2C}.Debug|Any CPU.Build.0 = Debug|Any CPU
		{5DBDDDAA-5639-4390-8530-AE2E3E23EA2C}.Release|Any CPU.ActiveCfg = Release|Any CPU
		{5DBDDDAA-5639-4390-8530-AE2E3E23EA2C}.Release|Any CPU.Build.0 = Release|Any CPU
		{7D35D79F-5452-4012-9BBC-A0679233173E}.Debug|Any CPU.ActiveCfg = Debug|Any CPU
		{7D35D79F-5452-4012-9BBC-A0679233173E}.Debug|Any CPU.Build.0 = Debug|Any CPU
		{7D35D79F-5452-4012-9BBC-A0679233173E}.Release|Any CPU.ActiveCfg = Release|Any CPU
		{7D35D79F-5452-4012-9BBC-A0679233173E}.Release|Any CPU.Build.0 = Release|Any CPU
		{5E15CCC2-EEE6-4BD1-B83E-73E485C56460}.Debug|Any CPU.ActiveCfg = Debug|Any CPU
		{5E15CCC2-EEE6-4BD1-B83E-73E485C56460}.Debug|Any CPU.Build.0 = Debug|Any CPU
		{5E15CCC2-EEE6-4BD1-B83E-73E485C56460}.Release|Any CPU.ActiveCfg = Release|Any CPU
		{5E15CCC2-EEE6-4BD1-B83E-73E485C56460}.Release|Any CPU.Build.0 = Release|Any CPU
	EndGlobalSection
	GlobalSection(SolutionProperties) = preSolution
		HideSolutionNode = FALSE
	EndGlobalSection
	GlobalSection(ExtensibilityGlobals) = postSolution
		SolutionGuid = {6137EB13-E34A-45C8-ABDB-3546D5E344DF}
	EndGlobalSection
EndGlobal
