
Microsoft Visual Studio Solution File, Format Version 12.00
# Visual Studio Version 16
VisualStudioVersion = 16.0.31702.278
MinimumVisualStudioVersion = 10.0.40219.1
Project("{9A19103F-16F7-4668-BE54-9A1E7A4F7556}") = "RandomizeWords", "RandomizeWords\RandomizeWords.csproj", "{39695E52-33A6-48EB-9B72-AAFB0D2118CF}"
EndProject
Project("{9A19103F-16F7-4668-BE54-9A1E7A4F7556}") = "BigFactorial", "BigFactorial\BigFactorial.csproj", "{CF01C4D1-14D0-4C86-9E77-FE0979917CEC}"
EndProject
Project("{9A19103F-16F7-4668-BE54-9A1E7A4F7556}") = "Songs", "Songs\Songs.csproj", "{3CA66369-F497-45CC-978E-25A2F9D40BFD}"
EndProject
Project("{FAE04EC0-301F-11D3-BF4B-00C04F79EFBC}") = "Students", "Students\Students.csproj", "{A3A17EA3-93C7-4597-8881-414134D4055A}"
EndProject
Project("{FAE04EC0-301F-11D3-BF4B-00C04F79EFBC}") = "StoreBoxes", "StoreBoxes\StoreBoxes.csproj", "{4535CAC9-0D6E-4B83-A81F-95FF364537D6}"
EndProject
Project("{FAE04EC0-301F-11D3-BF4B-00C04F79EFBC}") = "VehicleCatalogue", "VehicleCatalogue\VehicleCatalogue.csproj", "{BEE883FC-D9AA-43DF-8FAD-42402FDD6253}"
EndProject
Global
	GlobalSection(SolutionConfigurationPlatforms) = preSolution
		Debug|Any CPU = Debug|Any CPU
		Release|Any CPU = Release|Any CPU
	EndGlobalSection
	GlobalSection(ProjectConfigurationPlatforms) = postSolution
		{39695E52-33A6-48EB-9B72-AAFB0D2118CF}.Debug|Any CPU.ActiveCfg = Debug|Any CPU
		{39695E52-33A6-48EB-9B72-AAFB0D2118CF}.Debug|Any CPU.Build.0 = Debug|Any CPU
		{39695E52-33A6-48EB-9B72-AAFB0D2118CF}.Release|Any CPU.ActiveCfg = Release|Any CPU
		{39695E52-33A6-48EB-9B72-AAFB0D2118CF}.Release|Any CPU.Build.0 = Release|Any CPU
		{CF01C4D1-14D0-4C86-9E77-FE0979917CEC}.Debug|Any CPU.ActiveCfg = Debug|Any CPU
		{CF01C4D1-14D0-4C86-9E77-FE0979917CEC}.Debug|Any CPU.Build.0 = Debug|Any CPU
		{CF01C4D1-14D0-4C86-9E77-FE0979917CEC}.Release|Any CPU.ActiveCfg = Release|Any CPU
		{CF01C4D1-14D0-4C86-9E77-FE0979917CEC}.Release|Any CPU.Build.0 = Release|Any CPU
		{3CA66369-F497-45CC-978E-25A2F9D40BFD}.Debug|Any CPU.ActiveCfg = Debug|Any CPU
		{3CA66369-F497-45CC-978E-25A2F9D40BFD}.Debug|Any CPU.Build.0 = Debug|Any CPU
		{3CA66369-F497-45CC-978E-25A2F9D40BFD}.Release|Any CPU.ActiveCfg = Release|Any CPU
		{3CA66369-F497-45CC-978E-25A2F9D40BFD}.Release|Any CPU.Build.0 = Release|Any CPU
		{A3A17EA3-93C7-4597-8881-414134D4055A}.Debug|Any CPU.ActiveCfg = Debug|Any CPU
		{A3A17EA3-93C7-4597-8881-414134D4055A}.Debug|Any CPU.Build.0 = Debug|Any CPU
		{A3A17EA3-93C7-4597-8881-414134D4055A}.Release|Any CPU.ActiveCfg = Release|Any CPU
		{A3A17EA3-93C7-4597-8881-414134D4055A}.Release|Any CPU.Build.0 = Release|Any CPU
		{4535CAC9-0D6E-4B83-A81F-95FF364537D6}.Debug|Any CPU.ActiveCfg = Debug|Any CPU
		{4535CAC9-0D6E-4B83-A81F-95FF364537D6}.Debug|Any CPU.Build.0 = Debug|Any CPU
		{4535CAC9-0D6E-4B83-A81F-95FF364537D6}.Release|Any CPU.ActiveCfg = Release|Any CPU
		{4535CAC9-0D6E-4B83-A81F-95FF364537D6}.Release|Any CPU.Build.0 = Release|Any CPU
		{BEE883FC-D9AA-43DF-8FAD-42402FDD6253}.Debug|Any CPU.ActiveCfg = Debug|Any CPU
		{BEE883FC-D9AA-43DF-8FAD-42402FDD6253}.Debug|Any CPU.Build.0 = Debug|Any CPU
		{BEE883FC-D9AA-43DF-8FAD-42402FDD6253}.Release|Any CPU.ActiveCfg = Release|Any CPU
		{BEE883FC-D9AA-43DF-8FAD-42402FDD6253}.Release|Any CPU.Build.0 = Release|Any CPU
	EndGlobalSection
	GlobalSection(SolutionProperties) = preSolution
		HideSolutionNode = FALSE
	EndGlobalSection
	GlobalSection(ExtensibilityGlobals) = postSolution
		SolutionGuid = {752A0913-E5D5-49C0-B76F-224C1E4AF703}
	EndGlobalSection
EndGlobal
