
Microsoft Visual Studio Solution File, Format Version 12.00
# Visual Studio Version 16
VisualStudioVersion = 16.0.31702.278
MinimumVisualStudioVersion = 10.0.40219.1
Project("{FAE04EC0-301F-11D3-BF4B-00C04F79EFBC}") = "CountRealNumbers", "CountRealNumbers\CountRealNumbers.csproj", "{E97EB52F-947F-48D5-9E07-F9E027F61FE8}"
EndProject
Project("{FAE04EC0-301F-11D3-BF4B-00C04F79EFBC}") = "OddOccurrences", "OddOccurrences\OddOccurrences.csproj", "{51903A83-4B7F-4A3B-80EE-335CF9027529}"
EndProject
Project("{FAE04EC0-301F-11D3-BF4B-00C04F79EFBC}") = "WordSynonyms", "WordSynonyms\WordSynonyms.csproj", "{E1819485-5085-4336-AE67-FFDA0EF4D0E9}"
EndProject
Project("{FAE04EC0-301F-11D3-BF4B-00C04F79EFBC}") = "WordFIlter", "WordFIlter\WordFIlter.csproj", "{5D0DEC22-E284-4CA8-B4F5-9170C2776C3C}"
EndProject
Project("{FAE04EC0-301F-11D3-BF4B-00C04F79EFBC}") = "CountCharsInAString", "CountCharsInAString\CountCharsInAString.csproj", "{11888FC7-76EA-402A-A763-4FC3F982FE49}"
EndProject
Project("{FAE04EC0-301F-11D3-BF4B-00C04F79EFBC}") = "AMinerTask", "AMinerTask\AMinerTask.csproj", "{011F09C7-CB66-409A-87AB-4E5FF2D7D4A3}"
EndProject
Project("{FAE04EC0-301F-11D3-BF4B-00C04F79EFBC}") = "LegendaryFarming", "LegendaryFarming\LegendaryFarming.csproj", "{44983C24-8970-45C6-9DF7-2AC33A66CF75}"
EndProject
Project("{FAE04EC0-301F-11D3-BF4B-00C04F79EFBC}") = "Orders", "Orders\Orders.csproj", "{2B7C5C16-E7BB-491A-8D91-7651C758E6B1}"
EndProject
Project("{FAE04EC0-301F-11D3-BF4B-00C04F79EFBC}") = "SoftUniParking", "SoftUniParking\SoftUniParking.csproj", "{B3E1B913-F934-43D7-A9D5-6A8EFDC36479}"
EndProject
Project("{FAE04EC0-301F-11D3-BF4B-00C04F79EFBC}") = "Courses", "Courses\Courses.csproj", "{84BA0E16-E9B4-48FF-AB6D-70031955C375}"
EndProject
Project("{FAE04EC0-301F-11D3-BF4B-00C04F79EFBC}") = "StudentAcademy", "StudentAcademy\StudentAcademy.csproj", "{FE78FE0E-8DFD-429D-9167-3C98774ED6CA}"
EndProject
Global
	GlobalSection(SolutionConfigurationPlatforms) = preSolution
		Debug|Any CPU = Debug|Any CPU
		Release|Any CPU = Release|Any CPU
	EndGlobalSection
	GlobalSection(ProjectConfigurationPlatforms) = postSolution
		{E97EB52F-947F-48D5-9E07-F9E027F61FE8}.Debug|Any CPU.ActiveCfg = Debug|Any CPU
		{E97EB52F-947F-48D5-9E07-F9E027F61FE8}.Debug|Any CPU.Build.0 = Debug|Any CPU
		{E97EB52F-947F-48D5-9E07-F9E027F61FE8}.Release|Any CPU.ActiveCfg = Release|Any CPU
		{E97EB52F-947F-48D5-9E07-F9E027F61FE8}.Release|Any CPU.Build.0 = Release|Any CPU
		{51903A83-4B7F-4A3B-80EE-335CF9027529}.Debug|Any CPU.ActiveCfg = Debug|Any CPU
		{51903A83-4B7F-4A3B-80EE-335CF9027529}.Debug|Any CPU.Build.0 = Debug|Any CPU
		{51903A83-4B7F-4A3B-80EE-335CF9027529}.Release|Any CPU.ActiveCfg = Release|Any CPU
		{51903A83-4B7F-4A3B-80EE-335CF9027529}.Release|Any CPU.Build.0 = Release|Any CPU
		{E1819485-5085-4336-AE67-FFDA0EF4D0E9}.Debug|Any CPU.ActiveCfg = Debug|Any CPU
		{E1819485-5085-4336-AE67-FFDA0EF4D0E9}.Debug|Any CPU.Build.0 = Debug|Any CPU
		{E1819485-5085-4336-AE67-FFDA0EF4D0E9}.Release|Any CPU.ActiveCfg = Release|Any CPU
		{E1819485-5085-4336-AE67-FFDA0EF4D0E9}.Release|Any CPU.Build.0 = Release|Any CPU
		{5D0DEC22-E284-4CA8-B4F5-9170C2776C3C}.Debug|Any CPU.ActiveCfg = Debug|Any CPU
		{5D0DEC22-E284-4CA8-B4F5-9170C2776C3C}.Debug|Any CPU.Build.0 = Debug|Any CPU
		{5D0DEC22-E284-4CA8-B4F5-9170C2776C3C}.Release|Any CPU.ActiveCfg = Release|Any CPU
		{5D0DEC22-E284-4CA8-B4F5-9170C2776C3C}.Release|Any CPU.Build.0 = Release|Any CPU
		{11888FC7-76EA-402A-A763-4FC3F982FE49}.Debug|Any CPU.ActiveCfg = Debug|Any CPU
		{11888FC7-76EA-402A-A763-4FC3F982FE49}.Debug|Any CPU.Build.0 = Debug|Any CPU
		{11888FC7-76EA-402A-A763-4FC3F982FE49}.Release|Any CPU.ActiveCfg = Release|Any CPU
		{11888FC7-76EA-402A-A763-4FC3F982FE49}.Release|Any CPU.Build.0 = Release|Any CPU
		{011F09C7-CB66-409A-87AB-4E5FF2D7D4A3}.Debug|Any CPU.ActiveCfg = Debug|Any CPU
		{011F09C7-CB66-409A-87AB-4E5FF2D7D4A3}.Debug|Any CPU.Build.0 = Debug|Any CPU
		{011F09C7-CB66-409A-87AB-4E5FF2D7D4A3}.Release|Any CPU.ActiveCfg = Release|Any CPU
		{011F09C7-CB66-409A-87AB-4E5FF2D7D4A3}.Release|Any CPU.Build.0 = Release|Any CPU
		{44983C24-8970-45C6-9DF7-2AC33A66CF75}.Debug|Any CPU.ActiveCfg = Debug|Any CPU
		{44983C24-8970-45C6-9DF7-2AC33A66CF75}.Debug|Any CPU.Build.0 = Debug|Any CPU
		{44983C24-8970-45C6-9DF7-2AC33A66CF75}.Release|Any CPU.ActiveCfg = Release|Any CPU
		{44983C24-8970-45C6-9DF7-2AC33A66CF75}.Release|Any CPU.Build.0 = Release|Any CPU
		{2B7C5C16-E7BB-491A-8D91-7651C758E6B1}.Debug|Any CPU.ActiveCfg = Debug|Any CPU
		{2B7C5C16-E7BB-491A-8D91-7651C758E6B1}.Debug|Any CPU.Build.0 = Debug|Any CPU
		{2B7C5C16-E7BB-491A-8D91-7651C758E6B1}.Release|Any CPU.ActiveCfg = Release|Any CPU
		{2B7C5C16-E7BB-491A-8D91-7651C758E6B1}.Release|Any CPU.Build.0 = Release|Any CPU
		{B3E1B913-F934-43D7-A9D5-6A8EFDC36479}.Debug|Any CPU.ActiveCfg = Debug|Any CPU
		{B3E1B913-F934-43D7-A9D5-6A8EFDC36479}.Debug|Any CPU.Build.0 = Debug|Any CPU
		{B3E1B913-F934-43D7-A9D5-6A8EFDC36479}.Release|Any CPU.ActiveCfg = Release|Any CPU
		{B3E1B913-F934-43D7-A9D5-6A8EFDC36479}.Release|Any CPU.Build.0 = Release|Any CPU
		{84BA0E16-E9B4-48FF-AB6D-70031955C375}.Debug|Any CPU.ActiveCfg = Debug|Any CPU
		{84BA0E16-E9B4-48FF-AB6D-70031955C375}.Debug|Any CPU.Build.0 = Debug|Any CPU
		{84BA0E16-E9B4-48FF-AB6D-70031955C375}.Release|Any CPU.ActiveCfg = Release|Any CPU
		{84BA0E16-E9B4-48FF-AB6D-70031955C375}.Release|Any CPU.Build.0 = Release|Any CPU
		{FE78FE0E-8DFD-429D-9167-3C98774ED6CA}.Debug|Any CPU.ActiveCfg = Debug|Any CPU
		{FE78FE0E-8DFD-429D-9167-3C98774ED6CA}.Debug|Any CPU.Build.0 = Debug|Any CPU
		{FE78FE0E-8DFD-429D-9167-3C98774ED6CA}.Release|Any CPU.ActiveCfg = Release|Any CPU
		{FE78FE0E-8DFD-429D-9167-3C98774ED6CA}.Release|Any CPU.Build.0 = Release|Any CPU
	EndGlobalSection
	GlobalSection(SolutionProperties) = preSolution
		HideSolutionNode = FALSE
	EndGlobalSection
	GlobalSection(ExtensibilityGlobals) = postSolution
		SolutionGuid = {4C39FD61-3E80-4174-8272-53C1BD2D5D7A}
	EndGlobalSection
EndGlobal
