
Microsoft Visual Studio Solution File, Format Version 12.00
# Visual Studio Version 16
VisualStudioVersion = 16.0.31702.278
MinimumVisualStudioVersion = 10.0.40219.1
Project("{9A19103F-16F7-4668-BE54-9A1E7A4F7556}") = "ArrayModifier", "ArrayModifier\ArrayModifier.csproj", "{A3CFE5EB-7DD6-4C77-ACD8-BA79C8C34D7E}"
EndProject
Project("{9A19103F-16F7-4668-BE54-9A1E7A4F7556}") = "ShootForTheWin", "ShootForTheWin\ShootForTheWin.csproj", "{ABE97C16-B79E-40FC-81D7-5558D753A241}"
EndProject
Project("{9A19103F-16F7-4668-BE54-9A1E7A4F7556}") = "GuineaPig", "GuineaPig\GuineaPig.csproj", "{F5D5F1FE-2F5F-4D39-85FA-3EC8A59EA14C}"
EndProject
Project("{9A19103F-16F7-4668-BE54-9A1E7A4F7556}") = "TheLift", "TheLift\TheLift.csproj", "{8887E28D-8319-4E65-8A3D-0AD835E07D32}"
EndProject
Project("{9A19103F-16F7-4668-BE54-9A1E7A4F7556}") = "BonusScoringSystem", "BonusScoringSystem\BonusScoringSystem.csproj", "{44D1E546-A598-472D-BC15-1341000F19D1}"
EndProject
Project("{9A19103F-16F7-4668-BE54-9A1E7A4F7556}") = "MuOnline", "MuOnline\MuOnline.csproj", "{5AB76AC6-1F80-456E-A0F4-FF072FB66892}"
EndProject
Project("{9A19103F-16F7-4668-BE54-9A1E7A4F7556}") = "ShoppingList", "ShoppingList\ShoppingList.csproj", "{528B948D-95B1-4794-9F5A-8E3BB2A4BD16}"
EndProject
Project("{9A19103F-16F7-4668-BE54-9A1E7A4F7556}") = "Inventory", "Inventory\Inventory.csproj", "{AB2CB94F-C085-4B85-897C-728F25A77D14}"
EndProject
Project("{9A19103F-16F7-4668-BE54-9A1E7A4F7556}") = "MemoryGame", "MemoryGame\MemoryGame.csproj", "{5B4A1DB3-5362-4CA8-A7A4-A915B5D140EA}"
EndProject
Project("{9A19103F-16F7-4668-BE54-9A1E7A4F7556}") = "Numbers", "Numbers\Numbers.csproj", "{1BBF5407-075A-4DA0-B15B-3933E01EE05C}"
EndProject
Project("{9A19103F-16F7-4668-BE54-9A1E7A4F7556}") = "SoftUniReception", "SoftUniReception\SoftUniReception.csproj", "{86824F8B-203A-4183-8891-F3C2BE3554E4}"
EndProject
Project("{9A19103F-16F7-4668-BE54-9A1E7A4F7556}") = "MovingTarget", "MovingTarget\MovingTarget.csproj", "{F32914B3-2145-4A72-9D88-19AEAE1AAAED}"
EndProject
Project("{FAE04EC0-301F-11D3-BF4B-00C04F79EFBC}") = "ComputerStore", "ComputerStore\ComputerStore.csproj", "{9A0F1BC5-3DDF-40C6-91B9-F3B51811663A}"
EndProject
Project("{FAE04EC0-301F-11D3-BF4B-00C04F79EFBC}") = "Counter-strike", "Counter-strike\Counter-strike.csproj", "{6405100D-CC13-4222-BB59-D0AE7EA144F1}"
EndProject
Project("{FAE04EC0-301F-11D3-BF4B-00C04F79EFBC}") = "BlackFlag", "BlackFlag\BlackFlag.csproj", "{9DAED8AC-27BC-44E6-BD4F-96A31C156E04}"
EndProject
Project("{FAE04EC0-301F-11D3-BF4B-00C04F79EFBC}") = "TreasureHunt", "TreasureHunt\TreasureHunt.csproj", "{FE59C283-1F93-4473-B213-28FE8663B5A9}"
EndProject
Global
	GlobalSection(SolutionConfigurationPlatforms) = preSolution
		Debug|Any CPU = Debug|Any CPU
		Release|Any CPU = Release|Any CPU
	EndGlobalSection
	GlobalSection(ProjectConfigurationPlatforms) = postSolution
		{A3CFE5EB-7DD6-4C77-ACD8-BA79C8C34D7E}.Debug|Any CPU.ActiveCfg = Debug|Any CPU
		{A3CFE5EB-7DD6-4C77-ACD8-BA79C8C34D7E}.Debug|Any CPU.Build.0 = Debug|Any CPU
		{A3CFE5EB-7DD6-4C77-ACD8-BA79C8C34D7E}.Release|Any CPU.ActiveCfg = Release|Any CPU
		{A3CFE5EB-7DD6-4C77-ACD8-BA79C8C34D7E}.Release|Any CPU.Build.0 = Release|Any CPU
		{ABE97C16-B79E-40FC-81D7-5558D753A241}.Debug|Any CPU.ActiveCfg = Debug|Any CPU
		{ABE97C16-B79E-40FC-81D7-5558D753A241}.Debug|Any CPU.Build.0 = Debug|Any CPU
		{ABE97C16-B79E-40FC-81D7-5558D753A241}.Release|Any CPU.ActiveCfg = Release|Any CPU
		{ABE97C16-B79E-40FC-81D7-5558D753A241}.Release|Any CPU.Build.0 = Release|Any CPU
		{F5D5F1FE-2F5F-4D39-85FA-3EC8A59EA14C}.Debug|Any CPU.ActiveCfg = Debug|Any CPU
		{F5D5F1FE-2F5F-4D39-85FA-3EC8A59EA14C}.Debug|Any CPU.Build.0 = Debug|Any CPU
		{F5D5F1FE-2F5F-4D39-85FA-3EC8A59EA14C}.Release|Any CPU.ActiveCfg = Release|Any CPU
		{F5D5F1FE-2F5F-4D39-85FA-3EC8A59EA14C}.Release|Any CPU.Build.0 = Release|Any CPU
		{8887E28D-8319-4E65-8A3D-0AD835E07D32}.Debug|Any CPU.ActiveCfg = Debug|Any CPU
		{8887E28D-8319-4E65-8A3D-0AD835E07D32}.Debug|Any CPU.Build.0 = Debug|Any CPU
		{8887E28D-8319-4E65-8A3D-0AD835E07D32}.Release|Any CPU.ActiveCfg = Release|Any CPU
		{8887E28D-8319-4E65-8A3D-0AD835E07D32}.Release|Any CPU.Build.0 = Release|Any CPU
		{44D1E546-A598-472D-BC15-1341000F19D1}.Debug|Any CPU.ActiveCfg = Debug|Any CPU
		{44D1E546-A598-472D-BC15-1341000F19D1}.Debug|Any CPU.Build.0 = Debug|Any CPU
		{44D1E546-A598-472D-BC15-1341000F19D1}.Release|Any CPU.ActiveCfg = Release|Any CPU
		{44D1E546-A598-472D-BC15-1341000F19D1}.Release|Any CPU.Build.0 = Release|Any CPU
		{5AB76AC6-1F80-456E-A0F4-FF072FB66892}.Debug|Any CPU.ActiveCfg = Debug|Any CPU
		{5AB76AC6-1F80-456E-A0F4-FF072FB66892}.Debug|Any CPU.Build.0 = Debug|Any CPU
		{5AB76AC6-1F80-456E-A0F4-FF072FB66892}.Release|Any CPU.ActiveCfg = Release|Any CPU
		{5AB76AC6-1F80-456E-A0F4-FF072FB66892}.Release|Any CPU.Build.0 = Release|Any CPU
		{528B948D-95B1-4794-9F5A-8E3BB2A4BD16}.Debug|Any CPU.ActiveCfg = Debug|Any CPU
		{528B948D-95B1-4794-9F5A-8E3BB2A4BD16}.Debug|Any CPU.Build.0 = Debug|Any CPU
		{528B948D-95B1-4794-9F5A-8E3BB2A4BD16}.Release|Any CPU.ActiveCfg = Release|Any CPU
		{528B948D-95B1-4794-9F5A-8E3BB2A4BD16}.Release|Any CPU.Build.0 = Release|Any CPU
		{AB2CB94F-C085-4B85-897C-728F25A77D14}.Debug|Any CPU.ActiveCfg = Debug|Any CPU
		{AB2CB94F-C085-4B85-897C-728F25A77D14}.Debug|Any CPU.Build.0 = Debug|Any CPU
		{AB2CB94F-C085-4B85-897C-728F25A77D14}.Release|Any CPU.ActiveCfg = Release|Any CPU
		{AB2CB94F-C085-4B85-897C-728F25A77D14}.Release|Any CPU.Build.0 = Release|Any CPU
		{5B4A1DB3-5362-4CA8-A7A4-A915B5D140EA}.Debug|Any CPU.ActiveCfg = Debug|Any CPU
		{5B4A1DB3-5362-4CA8-A7A4-A915B5D140EA}.Debug|Any CPU.Build.0 = Debug|Any CPU
		{5B4A1DB3-5362-4CA8-A7A4-A915B5D140EA}.Release|Any CPU.ActiveCfg = Release|Any CPU
		{5B4A1DB3-5362-4CA8-A7A4-A915B5D140EA}.Release|Any CPU.Build.0 = Release|Any CPU
		{1BBF5407-075A-4DA0-B15B-3933E01EE05C}.Debug|Any CPU.ActiveCfg = Debug|Any CPU
		{1BBF5407-075A-4DA0-B15B-3933E01EE05C}.Debug|Any CPU.Build.0 = Debug|Any CPU
		{1BBF5407-075A-4DA0-B15B-3933E01EE05C}.Release|Any CPU.ActiveCfg = Release|Any CPU
		{1BBF5407-075A-4DA0-B15B-3933E01EE05C}.Release|Any CPU.Build.0 = Release|Any CPU
		{86824F8B-203A-4183-8891-F3C2BE3554E4}.Debug|Any CPU.ActiveCfg = Debug|Any CPU
		{86824F8B-203A-4183-8891-F3C2BE3554E4}.Debug|Any CPU.Build.0 = Debug|Any CPU
		{86824F8B-203A-4183-8891-F3C2BE3554E4}.Release|Any CPU.ActiveCfg = Release|Any CPU
		{86824F8B-203A-4183-8891-F3C2BE3554E4}.Release|Any CPU.Build.0 = Release|Any CPU
		{F32914B3-2145-4A72-9D88-19AEAE1AAAED}.Debug|Any CPU.ActiveCfg = Debug|Any CPU
		{F32914B3-2145-4A72-9D88-19AEAE1AAAED}.Debug|Any CPU.Build.0 = Debug|Any CPU
		{F32914B3-2145-4A72-9D88-19AEAE1AAAED}.Release|Any CPU.ActiveCfg = Release|Any CPU
		{F32914B3-2145-4A72-9D88-19AEAE1AAAED}.Release|Any CPU.Build.0 = Release|Any CPU
		{9A0F1BC5-3DDF-40C6-91B9-F3B51811663A}.Debug|Any CPU.ActiveCfg = Debug|Any CPU
		{9A0F1BC5-3DDF-40C6-91B9-F3B51811663A}.Debug|Any CPU.Build.0 = Debug|Any CPU
		{9A0F1BC5-3DDF-40C6-91B9-F3B51811663A}.Release|Any CPU.ActiveCfg = Release|Any CPU
		{9A0F1BC5-3DDF-40C6-91B9-F3B51811663A}.Release|Any CPU.Build.0 = Release|Any CPU
		{6405100D-CC13-4222-BB59-D0AE7EA144F1}.Debug|Any CPU.ActiveCfg = Debug|Any CPU
		{6405100D-CC13-4222-BB59-D0AE7EA144F1}.Debug|Any CPU.Build.0 = Debug|Any CPU
		{6405100D-CC13-4222-BB59-D0AE7EA144F1}.Release|Any CPU.ActiveCfg = Release|Any CPU
		{6405100D-CC13-4222-BB59-D0AE7EA144F1}.Release|Any CPU.Build.0 = Release|Any CPU
		{9DAED8AC-27BC-44E6-BD4F-96A31C156E04}.Debug|Any CPU.ActiveCfg = Debug|Any CPU
		{9DAED8AC-27BC-44E6-BD4F-96A31C156E04}.Debug|Any CPU.Build.0 = Debug|Any CPU
		{9DAED8AC-27BC-44E6-BD4F-96A31C156E04}.Release|Any CPU.ActiveCfg = Release|Any CPU
		{9DAED8AC-27BC-44E6-BD4F-96A31C156E04}.Release|Any CPU.Build.0 = Release|Any CPU
		{FE59C283-1F93-4473-B213-28FE8663B5A9}.Debug|Any CPU.ActiveCfg = Debug|Any CPU
		{FE59C283-1F93-4473-B213-28FE8663B5A9}.Debug|Any CPU.Build.0 = Debug|Any CPU
		{FE59C283-1F93-4473-B213-28FE8663B5A9}.Release|Any CPU.ActiveCfg = Release|Any CPU
		{FE59C283-1F93-4473-B213-28FE8663B5A9}.Release|Any CPU.Build.0 = Release|Any CPU
	EndGlobalSection
	GlobalSection(SolutionProperties) = preSolution
		HideSolutionNode = FALSE
	EndGlobalSection
	GlobalSection(ExtensibilityGlobals) = postSolution
		SolutionGuid = {FE7F9046-091B-407A-AA5E-89738C241A7F}
	EndGlobalSection
EndGlobal
