
Microsoft Visual Studio Solution File, Format Version 12.00
# Visual Studio Version 17
VisualStudioVersion = 17.2.32526.322
MinimumVisualStudioVersion = 10.0.40219.1
Project("{9A19103F-16F7-4668-BE54-9A1E7A4F7556}") = "ArrayModifier", "ArrayModifier\ArrayModifier.csproj", "{A3CFE5EB-7DD6-4C77-ACD8-BA79C8C34D7E}"
EndProject
Project("{FAE04EC0-301F-11D3-BF4B-00C04F79EFBC}") = "ShootForTheWin", "ShootForTheWin\ShootForTheWin.csproj", "{ABE97C16-B79E-40FC-81D7-5558D753A241}"
EndProject
Global
	GlobalSection(SolutionConfigurationPlatforms) = preSolution
		Debug|Any CPU = Debug|Any CPU
		Release|Any CPU = Release|Any CPU
	EndGlobalSection
	GlobalSection(ProjectConfigurationPlatforms) = postSolution
		{A3CFE5EB-7DD6-4C77-ACD8-BA79C8C34D7E}.Debug|Any CPU.ActiveCfg = Debug|Any CPU
		{A3CFE5EB-7DD6-4C77-ACD8-BA79C8C34D7E}.Debug|Any CPU.Build.0 = Debug|Any CPU
		{A3CFE5EB-7DD6-4C77-ACD8-BA79C8C34D7E}.Release|Any CPU.ActiveCfg = Release|Any CPU
		{A3CFE5EB-7DD6-4C77-ACD8-BA79C8C34D7E}.Release|Any CPU.Build.0 = Release|Any CPU
		{ABE97C16-B79E-40FC-81D7-5558D753A241}.Debug|Any CPU.ActiveCfg = Debug|Any CPU
		{ABE97C16-B79E-40FC-81D7-5558D753A241}.Debug|Any CPU.Build.0 = Debug|Any CPU
		{ABE97C16-B79E-40FC-81D7-5558D753A241}.Release|Any CPU.ActiveCfg = Release|Any CPU
		{ABE97C16-B79E-40FC-81D7-5558D753A241}.Release|Any CPU.Build.0 = Release|Any CPU
	EndGlobalSection
	GlobalSection(SolutionProperties) = preSolution
		HideSolutionNode = FALSE
	EndGlobalSection
	GlobalSection(ExtensibilityGlobals) = postSolution
		SolutionGuid = {FE7F9046-091B-407A-AA5E-89738C241A7F}
	EndGlobalSection
EndGlobal
