
Microsoft Visual Studio Solution File, Format Version 12.00
# Visual Studio Version 16
VisualStudioVersion = 16.0.31702.278
MinimumVisualStudioVersion = 10.0.40219.1
Project("{FAE04EC0-301F-11D3-BF4B-00C04F79EFBC}") = "SumOfOddNumbers", "SummOfOddNumbers\SumOfOddNumbers.csproj", "{DF02D3DD-0E58-445F-8470-5FE3DC18E27E}"
EndProject
Global
	GlobalSection(SolutionConfigurationPlatforms) = preSolution
		Debug|Any CPU = Debug|Any CPU
		Release|Any CPU = Release|Any CPU
	EndGlobalSection
	GlobalSection(ProjectConfigurationPlatforms) = postSolution
		{DF02D3DD-0E58-445F-8470-5FE3DC18E27E}.Debug|Any CPU.ActiveCfg = Debug|Any CPU
		{DF02D3DD-0E58-445F-8470-5FE3DC18E27E}.Debug|Any CPU.Build.0 = Debug|Any CPU
		{DF02D3DD-0E58-445F-8470-5FE3DC18E27E}.Release|Any CPU.ActiveCfg = Release|Any CPU
		{DF02D3DD-0E58-445F-8470-5FE3DC18E27E}.Release|Any CPU.Build.0 = Release|Any CPU
	EndGlobalSection
	GlobalSection(SolutionProperties) = preSolution
		HideSolutionNode = FALSE
	EndGlobalSection
	GlobalSection(ExtensibilityGlobals) = postSolution
		SolutionGuid = {D0379929-1CCA-4BCF-AB0A-6486F25CAFAB}
	EndGlobalSection
EndGlobal
