
Microsoft Visual Studio Solution File, Format Version 12.00
# Visual Studio Version 16
VisualStudioVersion = 16.0.31702.278
MinimumVisualStudioVersion = 10.0.40219.1
Project("{FAE04EC0-301F-11D3-BF4B-00C04F79EFBC}") = "IntegerOperations", "IntegerOperations\IntegerOperations.csproj", "{70345B65-9FE5-444D-9EF3-752C5EDC1900}"
EndProject
Project("{FAE04EC0-301F-11D3-BF4B-00C04F79EFBC}") = "SumDigits", "SumDigits\SumDigits.csproj", "{B01A40D3-2125-4724-B569-A67EDF2AB5B0}"
EndProject
Global
	GlobalSection(SolutionConfigurationPlatforms) = preSolution
		Debug|Any CPU = Debug|Any CPU
		Release|Any CPU = Release|Any CPU
	EndGlobalSection
	GlobalSection(ProjectConfigurationPlatforms) = postSolution
		{70345B65-9FE5-444D-9EF3-752C5EDC1900}.Debug|Any CPU.ActiveCfg = Debug|Any CPU
		{70345B65-9FE5-444D-9EF3-752C5EDC1900}.Debug|Any CPU.Build.0 = Debug|Any CPU
		{70345B65-9FE5-444D-9EF3-752C5EDC1900}.Release|Any CPU.ActiveCfg = Release|Any CPU
		{70345B65-9FE5-444D-9EF3-752C5EDC1900}.Release|Any CPU.Build.0 = Release|Any CPU
		{B01A40D3-2125-4724-B569-A67EDF2AB5B0}.Debug|Any CPU.ActiveCfg = Debug|Any CPU
		{B01A40D3-2125-4724-B569-A67EDF2AB5B0}.Debug|Any CPU.Build.0 = Debug|Any CPU
		{B01A40D3-2125-4724-B569-A67EDF2AB5B0}.Release|Any CPU.ActiveCfg = Release|Any CPU
		{B01A40D3-2125-4724-B569-A67EDF2AB5B0}.Release|Any CPU.Build.0 = Release|Any CPU
	EndGlobalSection
	GlobalSection(SolutionProperties) = preSolution
		HideSolutionNode = FALSE
	EndGlobalSection
	GlobalSection(ExtensibilityGlobals) = postSolution
		SolutionGuid = {2A197ABE-2C67-4105-882D-00E3556B572B}
	EndGlobalSection
EndGlobal
