
Microsoft Visual Studio Solution File, Format Version 12.00
# Visual Studio Version 16
VisualStudioVersion = 16.0.31702.278
MinimumVisualStudioVersion = 10.0.40219.1
Project("{9A19103F-16F7-4668-BE54-9A1E7A4F7556}") = "ConvertMetersToKilometers", "ConvertMetersToKilometers\ConvertMetersToKilometers.csproj", "{CF041C1D-55D4-4E2D-BFE3-CB0A367A3D59}"
EndProject
Project("{9A19103F-16F7-4668-BE54-9A1E7A4F7556}") = "PoundsToDollars", "PoundsToDollars\PoundsToDollars.csproj", "{BB22938D-4920-4010-B472-94BEAB4EFB50}"
EndProject
Project("{9A19103F-16F7-4668-BE54-9A1E7A4F7556}") = "ExactSumOfNumbers", "ExactSumOfNumbers\ExactSumOfNumbers.csproj", "{26051E87-D051-40F1-A942-98F19F3F6F14}"
EndProject
Project("{9A19103F-16F7-4668-BE54-9A1E7A4F7556}") = "CenturiestToMinutes", "CenturiestToMinutes\CenturiestToMinutes.csproj", "{09EECA4A-6D49-4D6E-BD9D-301ED3D0A23F}"
EndProject
Project("{9A19103F-16F7-4668-BE54-9A1E7A4F7556}") = "ConcatNames", "ConcatNames\ConcatNames.csproj", "{5DF594DD-38C6-4844-88E5-92832B204CD6}"
EndProject
Project("{9A19103F-16F7-4668-BE54-9A1E7A4F7556}") = "TownInfo", "TownInfo\TownInfo.csproj", "{74BF5086-BA7E-42CE-9F23-A7DE02F31EAC}"
EndProject
Project("{9A19103F-16F7-4668-BE54-9A1E7A4F7556}") = "CharsToString", "CharsToString\CharsToString.csproj", "{7D1E0B5C-744A-421A-8EB8-BA51FBAE1C1C}"
EndProject
Project("{9A19103F-16F7-4668-BE54-9A1E7A4F7556}") = "LowerOrUpper", "LowerOrUpper\LowerOrUpper.csproj", "{103314B6-0898-46A3-A4B6-C839C4D1DCA9}"
EndProject
Project("{9A19103F-16F7-4668-BE54-9A1E7A4F7556}") = "RefactorVolumeOfPyramid", "RefactorVolumeOfPyramid\RefactorVolumeOfPyramid.csproj", "{717B886B-E75F-474F-B00B-2ED784D1A6DB}"
EndProject
Project("{FAE04EC0-301F-11D3-BF4B-00C04F79EFBC}") = "SpecialNumbers", "SpecialNumbers\SpecialNumbers.csproj", "{7FD63A83-1015-46D8-8AED-E3575E4CAF93}"
EndProject
Project("{FAE04EC0-301F-11D3-BF4B-00C04F79EFBC}") = "RefactorSpecialNumbers", "RefactorSpecialNumbers\RefactorSpecialNumbers.csproj", "{CB11B2C3-55FF-4561-9809-5BEB2D48BE42}"
EndProject
Global
	GlobalSection(SolutionConfigurationPlatforms) = preSolution
		Debug|Any CPU = Debug|Any CPU
		Release|Any CPU = Release|Any CPU
	EndGlobalSection
	GlobalSection(ProjectConfigurationPlatforms) = postSolution
		{CF041C1D-55D4-4E2D-BFE3-CB0A367A3D59}.Debug|Any CPU.ActiveCfg = Debug|Any CPU
		{CF041C1D-55D4-4E2D-BFE3-CB0A367A3D59}.Debug|Any CPU.Build.0 = Debug|Any CPU
		{CF041C1D-55D4-4E2D-BFE3-CB0A367A3D59}.Release|Any CPU.ActiveCfg = Release|Any CPU
		{CF041C1D-55D4-4E2D-BFE3-CB0A367A3D59}.Release|Any CPU.Build.0 = Release|Any CPU
		{BB22938D-4920-4010-B472-94BEAB4EFB50}.Debug|Any CPU.ActiveCfg = Debug|Any CPU
		{BB22938D-4920-4010-B472-94BEAB4EFB50}.Debug|Any CPU.Build.0 = Debug|Any CPU
		{BB22938D-4920-4010-B472-94BEAB4EFB50}.Release|Any CPU.ActiveCfg = Release|Any CPU
		{BB22938D-4920-4010-B472-94BEAB4EFB50}.Release|Any CPU.Build.0 = Release|Any CPU
		{26051E87-D051-40F1-A942-98F19F3F6F14}.Debug|Any CPU.ActiveCfg = Debug|Any CPU
		{26051E87-D051-40F1-A942-98F19F3F6F14}.Debug|Any CPU.Build.0 = Debug|Any CPU
		{26051E87-D051-40F1-A942-98F19F3F6F14}.Release|Any CPU.ActiveCfg = Release|Any CPU
		{26051E87-D051-40F1-A942-98F19F3F6F14}.Release|Any CPU.Build.0 = Release|Any CPU
		{09EECA4A-6D49-4D6E-BD9D-301ED3D0A23F}.Debug|Any CPU.ActiveCfg = Debug|Any CPU
		{09EECA4A-6D49-4D6E-BD9D-301ED3D0A23F}.Debug|Any CPU.Build.0 = Debug|Any CPU
		{09EECA4A-6D49-4D6E-BD9D-301ED3D0A23F}.Release|Any CPU.ActiveCfg = Release|Any CPU
		{09EECA4A-6D49-4D6E-BD9D-301ED3D0A23F}.Release|Any CPU.Build.0 = Release|Any CPU
		{5DF594DD-38C6-4844-88E5-92832B204CD6}.Debug|Any CPU.ActiveCfg = Debug|Any CPU
		{5DF594DD-38C6-4844-88E5-92832B204CD6}.Debug|Any CPU.Build.0 = Debug|Any CPU
		{5DF594DD-38C6-4844-88E5-92832B204CD6}.Release|Any CPU.ActiveCfg = Release|Any CPU
		{5DF594DD-38C6-4844-88E5-92832B204CD6}.Release|Any CPU.Build.0 = Release|Any CPU
		{74BF5086-BA7E-42CE-9F23-A7DE02F31EAC}.Debug|Any CPU.ActiveCfg = Debug|Any CPU
		{74BF5086-BA7E-42CE-9F23-A7DE02F31EAC}.Debug|Any CPU.Build.0 = Debug|Any CPU
		{74BF5086-BA7E-42CE-9F23-A7DE02F31EAC}.Release|Any CPU.ActiveCfg = Release|Any CPU
		{74BF5086-BA7E-42CE-9F23-A7DE02F31EAC}.Release|Any CPU.Build.0 = Release|Any CPU
		{7D1E0B5C-744A-421A-8EB8-BA51FBAE1C1C}.Debug|Any CPU.ActiveCfg = Debug|Any CPU
		{7D1E0B5C-744A-421A-8EB8-BA51FBAE1C1C}.Debug|Any CPU.Build.0 = Debug|Any CPU
		{7D1E0B5C-744A-421A-8EB8-BA51FBAE1C1C}.Release|Any CPU.ActiveCfg = Release|Any CPU
		{7D1E0B5C-744A-421A-8EB8-BA51FBAE1C1C}.Release|Any CPU.Build.0 = Release|Any CPU
		{103314B6-0898-46A3-A4B6-C839C4D1DCA9}.Debug|Any CPU.ActiveCfg = Debug|Any CPU
		{103314B6-0898-46A3-A4B6-C839C4D1DCA9}.Debug|Any CPU.Build.0 = Debug|Any CPU
		{103314B6-0898-46A3-A4B6-C839C4D1DCA9}.Release|Any CPU.ActiveCfg = Release|Any CPU
		{103314B6-0898-46A3-A4B6-C839C4D1DCA9}.Release|Any CPU.Build.0 = Release|Any CPU
		{717B886B-E75F-474F-B00B-2ED784D1A6DB}.Debug|Any CPU.ActiveCfg = Debug|Any CPU
		{717B886B-E75F-474F-B00B-2ED784D1A6DB}.Debug|Any CPU.Build.0 = Debug|Any CPU
		{717B886B-E75F-474F-B00B-2ED784D1A6DB}.Release|Any CPU.ActiveCfg = Release|Any CPU
		{717B886B-E75F-474F-B00B-2ED784D1A6DB}.Release|Any CPU.Build.0 = Release|Any CPU
		{7FD63A83-1015-46D8-8AED-E3575E4CAF93}.Debug|Any CPU.ActiveCfg = Debug|Any CPU
		{7FD63A83-1015-46D8-8AED-E3575E4CAF93}.Debug|Any CPU.Build.0 = Debug|Any CPU
		{7FD63A83-1015-46D8-8AED-E3575E4CAF93}.Release|Any CPU.ActiveCfg = Release|Any CPU
		{7FD63A83-1015-46D8-8AED-E3575E4CAF93}.Release|Any CPU.Build.0 = Release|Any CPU
		{CB11B2C3-55FF-4561-9809-5BEB2D48BE42}.Debug|Any CPU.ActiveCfg = Debug|Any CPU
		{CB11B2C3-55FF-4561-9809-5BEB2D48BE42}.Debug|Any CPU.Build.0 = Debug|Any CPU
		{CB11B2C3-55FF-4561-9809-5BEB2D48BE42}.Release|Any CPU.ActiveCfg = Release|Any CPU
		{CB11B2C3-55FF-4561-9809-5BEB2D48BE42}.Release|Any CPU.Build.0 = Release|Any CPU
	EndGlobalSection
	GlobalSection(SolutionProperties) = preSolution
		HideSolutionNode = FALSE
	EndGlobalSection
	GlobalSection(ExtensibilityGlobals) = postSolution
		SolutionGuid = {0E55BFB3-AF7E-4DA0-A3FA-A3E4665310B0}
	EndGlobalSection
EndGlobal
