
Microsoft Visual Studio Solution File, Format Version 12.00
# Visual Studio Version 17
VisualStudioVersion = 17.2.32630.192
MinimumVisualStudioVersion = 10.0.40219.1
Project("{9A19103F-16F7-4668-BE54-9A1E7A4F7556}") = "RandomizeWords", "RandomizeWords\RandomizeWords.csproj", "{39695E52-33A6-48EB-9B72-AAFB0D2118CF}"
EndProject
Project("{9A19103F-16F7-4668-BE54-9A1E7A4F7556}") = "BigFactorial", "BigFactorial\BigFactorial.csproj", "{CF01C4D1-14D0-4C86-9E77-FE0979917CEC}"
EndProject
Project("{9A19103F-16F7-4668-BE54-9A1E7A4F7556}") = "Songs", "Songs\Songs.csproj", "{3CA66369-F497-45CC-978E-25A2F9D40BFD}"
EndProject
Project("{9A19103F-16F7-4668-BE54-9A1E7A4F7556}") = "Students", "Students\Students.csproj", "{A3A17EA3-93C7-4597-8881-414134D4055A}"
EndProject
Project("{9A19103F-16F7-4668-BE54-9A1E7A4F7556}") = "StoreBoxes", "StoreBoxes\StoreBoxes.csproj", "{4535CAC9-0D6E-4B83-A81F-95FF364537D6}"
EndProject
Project("{9A19103F-16F7-4668-BE54-9A1E7A4F7556}") = "VehicleCatalogue", "VehicleCatalogue\VehicleCatalogue.csproj", "{BEE883FC-D9AA-43DF-8FAD-42402FDD6253}"
EndProject
Project("{9A19103F-16F7-4668-BE54-9A1E7A4F7556}") = "AdvertisementMessage", "AdvertisementMessage\AdvertisementMessage.csproj", "{2822C2EE-3743-4639-9F7B-D81C43BDC9DB}"
EndProject
Project("{9A19103F-16F7-4668-BE54-9A1E7A4F7556}") = "Articles", "Articles\Articles.csproj", "{EC7B66A2-432D-4597-99DB-46426F1F4787}"
EndProject
Project("{9A19103F-16F7-4668-BE54-9A1E7A4F7556}") = "Articles2.0", "Articles2.0\Articles2.0.csproj", "{B0554AEF-8311-4010-B05F-F300C1ADB785}"
EndProject
Project("{9A19103F-16F7-4668-BE54-9A1E7A4F7556}") = "Students2.0", "Students2.0\Students2.0.csproj", "{3517C88D-2F75-437B-9DA5-F3968640948C}"
EndProject
Project("{9A19103F-16F7-4668-BE54-9A1E7A4F7556}") = "TeamworkProjects", "TeamworkProjects\TeamworkProjects.csproj", "{642C8E3F-16C5-4221-A8D6-4230F045BC0A}"
EndProject
Project("{9A19103F-16F7-4668-BE54-9A1E7A4F7556}") = "OrderByAge", "OrderByAge\OrderByAge.csproj", "{A6A6C011-1520-4675-8422-5E700216A956}"
EndProject
Project("{FAE04EC0-301F-11D3-BF4B-00C04F79EFBC}") = "CompanyRoster", "CompanyRoster\CompanyRoster.csproj", "{4FA43E38-9EBC-4466-AC52-ABC98872FC46}"
EndProject
Project("{FAE04EC0-301F-11D3-BF4B-00C04F79EFBC}") = "OldestFamilyMember", "OldestFamilyMember\OldestFamilyMember.csproj", "{C310D217-2058-4CA5-AA77-A1F56D9AF66E}"
EndProject
Project("{FAE04EC0-301F-11D3-BF4B-00C04F79EFBC}") = "SpeedRacing", "SpeedRacing\SpeedRacing.csproj", "{F65B7913-42FE-4149-B4B4-2FC3818DE591}"
EndProject
Project("{FAE04EC0-301F-11D3-BF4B-00C04F79EFBC}") = "RawData", "RawData\RawData.csproj", "{30D8E2B6-C66B-44A5-B11B-F6FE281E0314}"
EndProject
Project("{FAE04EC0-301F-11D3-BF4B-00C04F79EFBC}") = "ShoppingSpree", "ShoppingSpree\ShoppingSpree.csproj", "{20E4A3BA-CEAE-43A7-B4D7-8B3CC13B5715}"
EndProject
Global
	GlobalSection(SolutionConfigurationPlatforms) = preSolution
		Debug|Any CPU = Debug|Any CPU
		Release|Any CPU = Release|Any CPU
	EndGlobalSection
	GlobalSection(ProjectConfigurationPlatforms) = postSolution
		{39695E52-33A6-48EB-9B72-AAFB0D2118CF}.Debug|Any CPU.ActiveCfg = Debug|Any CPU
		{39695E52-33A6-48EB-9B72-AAFB0D2118CF}.Debug|Any CPU.Build.0 = Debug|Any CPU
		{39695E52-33A6-48EB-9B72-AAFB0D2118CF}.Release|Any CPU.ActiveCfg = Release|Any CPU
		{39695E52-33A6-48EB-9B72-AAFB0D2118CF}.Release|Any CPU.Build.0 = Release|Any CPU
		{CF01C4D1-14D0-4C86-9E77-FE0979917CEC}.Debug|Any CPU.ActiveCfg = Debug|Any CPU
		{CF01C4D1-14D0-4C86-9E77-FE0979917CEC}.Debug|Any CPU.Build.0 = Debug|Any CPU
		{CF01C4D1-14D0-4C86-9E77-FE0979917CEC}.Release|Any CPU.ActiveCfg = Release|Any CPU
		{CF01C4D1-14D0-4C86-9E77-FE0979917CEC}.Release|Any CPU.Build.0 = Release|Any CPU
		{3CA66369-F497-45CC-978E-25A2F9D40BFD}.Debug|Any CPU.ActiveCfg = Debug|Any CPU
		{3CA66369-F497-45CC-978E-25A2F9D40BFD}.Debug|Any CPU.Build.0 = Debug|Any CPU
		{3CA66369-F497-45CC-978E-25A2F9D40BFD}.Release|Any CPU.ActiveCfg = Release|Any CPU
		{3CA66369-F497-45CC-978E-25A2F9D40BFD}.Release|Any CPU.Build.0 = Release|Any CPU
		{A3A17EA3-93C7-4597-8881-414134D4055A}.Debug|Any CPU.ActiveCfg = Debug|Any CPU
		{A3A17EA3-93C7-4597-8881-414134D4055A}.Debug|Any CPU.Build.0 = Debug|Any CPU
		{A3A17EA3-93C7-4597-8881-414134D4055A}.Release|Any CPU.ActiveCfg = Release|Any CPU
		{A3A17EA3-93C7-4597-8881-414134D4055A}.Release|Any CPU.Build.0 = Release|Any CPU
		{4535CAC9-0D6E-4B83-A81F-95FF364537D6}.Debug|Any CPU.ActiveCfg = Debug|Any CPU
		{4535CAC9-0D6E-4B83-A81F-95FF364537D6}.Debug|Any CPU.Build.0 = Debug|Any CPU
		{4535CAC9-0D6E-4B83-A81F-95FF364537D6}.Release|Any CPU.ActiveCfg = Release|Any CPU
		{4535CAC9-0D6E-4B83-A81F-95FF364537D6}.Release|Any CPU.Build.0 = Release|Any CPU
		{BEE883FC-D9AA-43DF-8FAD-42402FDD6253}.Debug|Any CPU.ActiveCfg = Debug|Any CPU
		{BEE883FC-D9AA-43DF-8FAD-42402FDD6253}.Debug|Any CPU.Build.0 = Debug|Any CPU
		{BEE883FC-D9AA-43DF-8FAD-42402FDD6253}.Release|Any CPU.ActiveCfg = Release|Any CPU
		{BEE883FC-D9AA-43DF-8FAD-42402FDD6253}.Release|Any CPU.Build.0 = Release|Any CPU
		{2822C2EE-3743-4639-9F7B-D81C43BDC9DB}.Debug|Any CPU.ActiveCfg = Debug|Any CPU
		{2822C2EE-3743-4639-9F7B-D81C43BDC9DB}.Debug|Any CPU.Build.0 = Debug|Any CPU
		{2822C2EE-3743-4639-9F7B-D81C43BDC9DB}.Release|Any CPU.ActiveCfg = Release|Any CPU
		{2822C2EE-3743-4639-9F7B-D81C43BDC9DB}.Release|Any CPU.Build.0 = Release|Any CPU
		{EC7B66A2-432D-4597-99DB-46426F1F4787}.Debug|Any CPU.ActiveCfg = Debug|Any CPU
		{EC7B66A2-432D-4597-99DB-46426F1F4787}.Debug|Any CPU.Build.0 = Debug|Any CPU
		{EC7B66A2-432D-4597-99DB-46426F1F4787}.Release|Any CPU.ActiveCfg = Release|Any CPU
		{EC7B66A2-432D-4597-99DB-46426F1F4787}.Release|Any CPU.Build.0 = Release|Any CPU
		{B0554AEF-8311-4010-B05F-F300C1ADB785}.Debug|Any CPU.ActiveCfg = Debug|Any CPU
		{B0554AEF-8311-4010-B05F-F300C1ADB785}.Debug|Any CPU.Build.0 = Debug|Any CPU
		{B0554AEF-8311-4010-B05F-F300C1ADB785}.Release|Any CPU.ActiveCfg = Release|Any CPU
		{B0554AEF-8311-4010-B05F-F300C1ADB785}.Release|Any CPU.Build.0 = Release|Any CPU
		{3517C88D-2F75-437B-9DA5-F3968640948C}.Debug|Any CPU.ActiveCfg = Debug|Any CPU
		{3517C88D-2F75-437B-9DA5-F3968640948C}.Debug|Any CPU.Build.0 = Debug|Any CPU
		{3517C88D-2F75-437B-9DA5-F3968640948C}.Release|Any CPU.ActiveCfg = Release|Any CPU
		{3517C88D-2F75-437B-9DA5-F3968640948C}.Release|Any CPU.Build.0 = Release|Any CPU
		{642C8E3F-16C5-4221-A8D6-4230F045BC0A}.Debug|Any CPU.ActiveCfg = Debug|Any CPU
		{642C8E3F-16C5-4221-A8D6-4230F045BC0A}.Debug|Any CPU.Build.0 = Debug|Any CPU
		{642C8E3F-16C5-4221-A8D6-4230F045BC0A}.Release|Any CPU.ActiveCfg = Release|Any CPU
		{642C8E3F-16C5-4221-A8D6-4230F045BC0A}.Release|Any CPU.Build.0 = Release|Any CPU
		{A6A6C011-1520-4675-8422-5E700216A956}.Debug|Any CPU.ActiveCfg = Debug|Any CPU
		{A6A6C011-1520-4675-8422-5E700216A956}.Debug|Any CPU.Build.0 = Debug|Any CPU
		{A6A6C011-1520-4675-8422-5E700216A956}.Release|Any CPU.ActiveCfg = Release|Any CPU
		{A6A6C011-1520-4675-8422-5E700216A956}.Release|Any CPU.Build.0 = Release|Any CPU
		{4FA43E38-9EBC-4466-AC52-ABC98872FC46}.Debug|Any CPU.ActiveCfg = Debug|Any CPU
		{4FA43E38-9EBC-4466-AC52-ABC98872FC46}.Debug|Any CPU.Build.0 = Debug|Any CPU
		{4FA43E38-9EBC-4466-AC52-ABC98872FC46}.Release|Any CPU.ActiveCfg = Release|Any CPU
		{4FA43E38-9EBC-4466-AC52-ABC98872FC46}.Release|Any CPU.Build.0 = Release|Any CPU
		{C310D217-2058-4CA5-AA77-A1F56D9AF66E}.Debug|Any CPU.ActiveCfg = Debug|Any CPU
		{C310D217-2058-4CA5-AA77-A1F56D9AF66E}.Debug|Any CPU.Build.0 = Debug|Any CPU
		{C310D217-2058-4CA5-AA77-A1F56D9AF66E}.Release|Any CPU.ActiveCfg = Release|Any CPU
		{C310D217-2058-4CA5-AA77-A1F56D9AF66E}.Release|Any CPU.Build.0 = Release|Any CPU
		{F65B7913-42FE-4149-B4B4-2FC3818DE591}.Debug|Any CPU.ActiveCfg = Debug|Any CPU
		{F65B7913-42FE-4149-B4B4-2FC3818DE591}.Debug|Any CPU.Build.0 = Debug|Any CPU
		{F65B7913-42FE-4149-B4B4-2FC3818DE591}.Release|Any CPU.ActiveCfg = Release|Any CPU
		{F65B7913-42FE-4149-B4B4-2FC3818DE591}.Release|Any CPU.Build.0 = Release|Any CPU
		{30D8E2B6-C66B-44A5-B11B-F6FE281E0314}.Debug|Any CPU.ActiveCfg = Debug|Any CPU
		{30D8E2B6-C66B-44A5-B11B-F6FE281E0314}.Debug|Any CPU.Build.0 = Debug|Any CPU
		{30D8E2B6-C66B-44A5-B11B-F6FE281E0314}.Release|Any CPU.ActiveCfg = Release|Any CPU
		{30D8E2B6-C66B-44A5-B11B-F6FE281E0314}.Release|Any CPU.Build.0 = Release|Any CPU
		{20E4A3BA-CEAE-43A7-B4D7-8B3CC13B5715}.Debug|Any CPU.ActiveCfg = Debug|Any CPU
		{20E4A3BA-CEAE-43A7-B4D7-8B3CC13B5715}.Debug|Any CPU.Build.0 = Debug|Any CPU
		{20E4A3BA-CEAE-43A7-B4D7-8B3CC13B5715}.Release|Any CPU.ActiveCfg = Release|Any CPU
		{20E4A3BA-CEAE-43A7-B4D7-8B3CC13B5715}.Release|Any CPU.Build.0 = Release|Any CPU
	EndGlobalSection
	GlobalSection(SolutionProperties) = preSolution
		HideSolutionNode = FALSE
	EndGlobalSection
	GlobalSection(ExtensibilityGlobals) = postSolution
		SolutionGuid = {752A0913-E5D5-49C0-B76F-224C1E4AF703}
	EndGlobalSection
EndGlobal
