
Microsoft Visual Studio Solution File, Format Version 12.00
# Visual Studio Version 16
VisualStudioVersion = 16.0.31702.278
MinimumVisualStudioVersion = 10.0.40219.1
Project("{9A19103F-16F7-4668-BE54-9A1E7A4F7556}") = "Notifications", "Notifications\Notifications.csproj", "{28F6C5CF-ECAF-4F74-BC95-1FD186A8CBF4}"
EndProject
Project("{9A19103F-16F7-4668-BE54-9A1E7A4F7556}") = "SIgnOfIntegerNumbers", "SIgnOfIntegerNumbers\SIgnOfIntegerNumbers.csproj", "{2104ACF2-5DF0-4F84-854E-642970AC89EC}"
EndProject
Project("{9A19103F-16F7-4668-BE54-9A1E7A4F7556}") = "Grades", "Grades\Grades.csproj", "{070380C1-8AD5-4A00-B713-876963D2E563}"
EndProject
Project("{9A19103F-16F7-4668-BE54-9A1E7A4F7556}") = "Calculations", "Calculations\Calculations.csproj", "{68F80BF5-D54C-4D89-93A6-A7C657BFA534}"
EndProject
Project("{9A19103F-16F7-4668-BE54-9A1E7A4F7556}") = "PrintingTriangle", "PrintingTriangle\PrintingTriangle.csproj", "{D9B66418-5D23-4EF0-962D-49FEB51719EC}"
EndProject
Project("{FAE04EC0-301F-11D3-BF4B-00C04F79EFBC}") = "Orders", "Ordes\Orders.csproj", "{61BDD66B-02CC-486A-9CF6-6B160FE854D0}"
EndProject
Project("{9A19103F-16F7-4668-BE54-9A1E7A4F7556}") = "GreaterOfTwoValues", "GreaterOfTwoValues\GreaterOfTwoValues.csproj", "{BE9B89F3-4CAD-4FA0-B6DA-6DC32E5D6CE0}"
EndProject
Project("{9A19103F-16F7-4668-BE54-9A1E7A4F7556}") = "MultiplyEvenByOdds", "MultiplyEvenByOdds\MultiplyEvenByOdds.csproj", "{58A6EB4D-6AA8-40C2-95DC-A97DCEE50F3D}"
EndProject
Project("{9A19103F-16F7-4668-BE54-9A1E7A4F7556}") = "SmallestOfThreeNumbers", "SmallestOfThreeNumbers\SmallestOfThreeNumbers.csproj", "{B36B6DF7-9E19-41B8-B036-6AABD4442A60}"
EndProject
Project("{9A19103F-16F7-4668-BE54-9A1E7A4F7556}") = "VowelsCount", "VowelsCount\VowelsCount.csproj", "{7820111C-65CA-4619-9C92-A85106609D3B}"
EndProject
Project("{9A19103F-16F7-4668-BE54-9A1E7A4F7556}") = "PasswordValidator", "PasswordValidator\PasswordValidator.csproj", "{381A015D-24A1-4B9A-96D4-7BA396243BB7}"
EndProject
Project("{9A19103F-16F7-4668-BE54-9A1E7A4F7556}") = "AddAndSubtract", "AddAndSubtrackt\AddAndSubtract.csproj", "{A59515E3-5280-4D3D-B782-5DF74839DEC7}"
EndProject
Project("{9A19103F-16F7-4668-BE54-9A1E7A4F7556}") = "MiddleCharacters", "MiddleCharacters\MiddleCharacters.csproj", "{B9EC70F7-D4D8-4D61-8ABD-7E1FC393485A}"
EndProject
Project("{9A19103F-16F7-4668-BE54-9A1E7A4F7556}") = "NxN-Matrix", "NxN-Matrix\NxN-Matrix.csproj", "{34BDB3BF-4F3D-4B91-B69F-1FE17CA28C73}"
EndProject
Project("{FAE04EC0-301F-11D3-BF4B-00C04F79EFBC}") = "TopNumber", "TopNumber\TopNumber.csproj", "{C25EDA6B-981E-4A42-AB19-400570FEBBB6}"
EndProject
Project("{FAE04EC0-301F-11D3-BF4B-00C04F79EFBC}") = "PalindromeNumbers", "PalindromeNumbers\PalindromeNumbers.csproj", "{EA64FEC0-1362-45E0-BA5B-45A6BC8EC46D}"
EndProject
Global
	GlobalSection(SolutionConfigurationPlatforms) = preSolution
		Debug|Any CPU = Debug|Any CPU
		Release|Any CPU = Release|Any CPU
	EndGlobalSection
	GlobalSection(ProjectConfigurationPlatforms) = postSolution
		{28F6C5CF-ECAF-4F74-BC95-1FD186A8CBF4}.Debug|Any CPU.ActiveCfg = Debug|Any CPU
		{28F6C5CF-ECAF-4F74-BC95-1FD186A8CBF4}.Debug|Any CPU.Build.0 = Debug|Any CPU
		{28F6C5CF-ECAF-4F74-BC95-1FD186A8CBF4}.Release|Any CPU.ActiveCfg = Release|Any CPU
		{28F6C5CF-ECAF-4F74-BC95-1FD186A8CBF4}.Release|Any CPU.Build.0 = Release|Any CPU
		{2104ACF2-5DF0-4F84-854E-642970AC89EC}.Debug|Any CPU.ActiveCfg = Debug|Any CPU
		{2104ACF2-5DF0-4F84-854E-642970AC89EC}.Debug|Any CPU.Build.0 = Debug|Any CPU
		{2104ACF2-5DF0-4F84-854E-642970AC89EC}.Release|Any CPU.ActiveCfg = Release|Any CPU
		{2104ACF2-5DF0-4F84-854E-642970AC89EC}.Release|Any CPU.Build.0 = Release|Any CPU
		{070380C1-8AD5-4A00-B713-876963D2E563}.Debug|Any CPU.ActiveCfg = Debug|Any CPU
		{070380C1-8AD5-4A00-B713-876963D2E563}.Debug|Any CPU.Build.0 = Debug|Any CPU
		{070380C1-8AD5-4A00-B713-876963D2E563}.Release|Any CPU.ActiveCfg = Release|Any CPU
		{070380C1-8AD5-4A00-B713-876963D2E563}.Release|Any CPU.Build.0 = Release|Any CPU
		{68F80BF5-D54C-4D89-93A6-A7C657BFA534}.Debug|Any CPU.ActiveCfg = Debug|Any CPU
		{68F80BF5-D54C-4D89-93A6-A7C657BFA534}.Debug|Any CPU.Build.0 = Debug|Any CPU
		{68F80BF5-D54C-4D89-93A6-A7C657BFA534}.Release|Any CPU.ActiveCfg = Release|Any CPU
		{68F80BF5-D54C-4D89-93A6-A7C657BFA534}.Release|Any CPU.Build.0 = Release|Any CPU
		{D9B66418-5D23-4EF0-962D-49FEB51719EC}.Debug|Any CPU.ActiveCfg = Debug|Any CPU
		{D9B66418-5D23-4EF0-962D-49FEB51719EC}.Debug|Any CPU.Build.0 = Debug|Any CPU
		{D9B66418-5D23-4EF0-962D-49FEB51719EC}.Release|Any CPU.ActiveCfg = Release|Any CPU
		{D9B66418-5D23-4EF0-962D-49FEB51719EC}.Release|Any CPU.Build.0 = Release|Any CPU
		{61BDD66B-02CC-486A-9CF6-6B160FE854D0}.Debug|Any CPU.ActiveCfg = Debug|Any CPU
		{61BDD66B-02CC-486A-9CF6-6B160FE854D0}.Debug|Any CPU.Build.0 = Debug|Any CPU
		{61BDD66B-02CC-486A-9CF6-6B160FE854D0}.Release|Any CPU.ActiveCfg = Release|Any CPU
		{61BDD66B-02CC-486A-9CF6-6B160FE854D0}.Release|Any CPU.Build.0 = Release|Any CPU
		{BE9B89F3-4CAD-4FA0-B6DA-6DC32E5D6CE0}.Debug|Any CPU.ActiveCfg = Debug|Any CPU
		{BE9B89F3-4CAD-4FA0-B6DA-6DC32E5D6CE0}.Debug|Any CPU.Build.0 = Debug|Any CPU
		{BE9B89F3-4CAD-4FA0-B6DA-6DC32E5D6CE0}.Release|Any CPU.ActiveCfg = Release|Any CPU
		{BE9B89F3-4CAD-4FA0-B6DA-6DC32E5D6CE0}.Release|Any CPU.Build.0 = Release|Any CPU
		{58A6EB4D-6AA8-40C2-95DC-A97DCEE50F3D}.Debug|Any CPU.ActiveCfg = Debug|Any CPU
		{58A6EB4D-6AA8-40C2-95DC-A97DCEE50F3D}.Debug|Any CPU.Build.0 = Debug|Any CPU
		{58A6EB4D-6AA8-40C2-95DC-A97DCEE50F3D}.Release|Any CPU.ActiveCfg = Release|Any CPU
		{58A6EB4D-6AA8-40C2-95DC-A97DCEE50F3D}.Release|Any CPU.Build.0 = Release|Any CPU
		{B36B6DF7-9E19-41B8-B036-6AABD4442A60}.Debug|Any CPU.ActiveCfg = Debug|Any CPU
		{B36B6DF7-9E19-41B8-B036-6AABD4442A60}.Debug|Any CPU.Build.0 = Debug|Any CPU
		{B36B6DF7-9E19-41B8-B036-6AABD4442A60}.Release|Any CPU.ActiveCfg = Release|Any CPU
		{B36B6DF7-9E19-41B8-B036-6AABD4442A60}.Release|Any CPU.Build.0 = Release|Any CPU
		{7820111C-65CA-4619-9C92-A85106609D3B}.Debug|Any CPU.ActiveCfg = Debug|Any CPU
		{7820111C-65CA-4619-9C92-A85106609D3B}.Debug|Any CPU.Build.0 = Debug|Any CPU
		{7820111C-65CA-4619-9C92-A85106609D3B}.Release|Any CPU.ActiveCfg = Release|Any CPU
		{7820111C-65CA-4619-9C92-A85106609D3B}.Release|Any CPU.Build.0 = Release|Any CPU
		{381A015D-24A1-4B9A-96D4-7BA396243BB7}.Debug|Any CPU.ActiveCfg = Debug|Any CPU
		{381A015D-24A1-4B9A-96D4-7BA396243BB7}.Debug|Any CPU.Build.0 = Debug|Any CPU
		{381A015D-24A1-4B9A-96D4-7BA396243BB7}.Release|Any CPU.ActiveCfg = Release|Any CPU
		{381A015D-24A1-4B9A-96D4-7BA396243BB7}.Release|Any CPU.Build.0 = Release|Any CPU
		{A59515E3-5280-4D3D-B782-5DF74839DEC7}.Debug|Any CPU.ActiveCfg = Debug|Any CPU
		{A59515E3-5280-4D3D-B782-5DF74839DEC7}.Debug|Any CPU.Build.0 = Debug|Any CPU
		{A59515E3-5280-4D3D-B782-5DF74839DEC7}.Release|Any CPU.ActiveCfg = Release|Any CPU
		{A59515E3-5280-4D3D-B782-5DF74839DEC7}.Release|Any CPU.Build.0 = Release|Any CPU
		{B9EC70F7-D4D8-4D61-8ABD-7E1FC393485A}.Debug|Any CPU.ActiveCfg = Debug|Any CPU
		{B9EC70F7-D4D8-4D61-8ABD-7E1FC393485A}.Debug|Any CPU.Build.0 = Debug|Any CPU
		{B9EC70F7-D4D8-4D61-8ABD-7E1FC393485A}.Release|Any CPU.ActiveCfg = Release|Any CPU
		{B9EC70F7-D4D8-4D61-8ABD-7E1FC393485A}.Release|Any CPU.Build.0 = Release|Any CPU
		{34BDB3BF-4F3D-4B91-B69F-1FE17CA28C73}.Debug|Any CPU.ActiveCfg = Debug|Any CPU
		{34BDB3BF-4F3D-4B91-B69F-1FE17CA28C73}.Debug|Any CPU.Build.0 = Debug|Any CPU
		{34BDB3BF-4F3D-4B91-B69F-1FE17CA28C73}.Release|Any CPU.ActiveCfg = Release|Any CPU
		{34BDB3BF-4F3D-4B91-B69F-1FE17CA28C73}.Release|Any CPU.Build.0 = Release|Any CPU
		{C25EDA6B-981E-4A42-AB19-400570FEBBB6}.Debug|Any CPU.ActiveCfg = Debug|Any CPU
		{C25EDA6B-981E-4A42-AB19-400570FEBBB6}.Debug|Any CPU.Build.0 = Debug|Any CPU
		{C25EDA6B-981E-4A42-AB19-400570FEBBB6}.Release|Any CPU.ActiveCfg = Release|Any CPU
		{C25EDA6B-981E-4A42-AB19-400570FEBBB6}.Release|Any CPU.Build.0 = Release|Any CPU
		{EA64FEC0-1362-45E0-BA5B-45A6BC8EC46D}.Debug|Any CPU.ActiveCfg = Debug|Any CPU
		{EA64FEC0-1362-45E0-BA5B-45A6BC8EC46D}.Debug|Any CPU.Build.0 = Debug|Any CPU
		{EA64FEC0-1362-45E0-BA5B-45A6BC8EC46D}.Release|Any CPU.ActiveCfg = Release|Any CPU
		{EA64FEC0-1362-45E0-BA5B-45A6BC8EC46D}.Release|Any CPU.Build.0 = Release|Any CPU
	EndGlobalSection
	GlobalSection(SolutionProperties) = preSolution
		HideSolutionNode = FALSE
	EndGlobalSection
	GlobalSection(ExtensibilityGlobals) = postSolution
		SolutionGuid = {BE781BF1-EDDA-42B6-BA5F-1F702DC1E68E}
	EndGlobalSection
EndGlobal
