
Microsoft Visual Studio Solution File, Format Version 12.00
# Visual Studio Version 17
VisualStudioVersion = 17.2.32630.192
MinimumVisualStudioVersion = 10.0.40219.1
Project("{FAE04EC0-301F-11D3-BF4B-00C04F79EFBC}") = "exercise1", "exercise1\exercise1.csproj", "{492815E7-2D5D-4D5D-9414-64831FC61BC6}"
EndProject
Project("{FAE04EC0-301F-11D3-BF4B-00C04F79EFBC}") = "exercise2", "exercise2\exercise2.csproj", "{B20EF9AB-E6B3-4776-8F33-4BEE129FEF2C}"
EndProject
Project("{FAE04EC0-301F-11D3-BF4B-00C04F79EFBC}") = "exercise3", "exercise3\exercise3.csproj", "{FC5E879E-9769-4E43-8AEC-356BACCC72A4}"
EndProject
Global
	GlobalSection(SolutionConfigurationPlatforms) = preSolution
		Debug|Any CPU = Debug|Any CPU
		Release|Any CPU = Release|Any CPU
	EndGlobalSection
	GlobalSection(ProjectConfigurationPlatforms) = postSolution
		{492815E7-2D5D-4D5D-9414-64831FC61BC6}.Debug|Any CPU.ActiveCfg = Debug|Any CPU
		{492815E7-2D5D-4D5D-9414-64831FC61BC6}.Debug|Any CPU.Build.0 = Debug|Any CPU
		{492815E7-2D5D-4D5D-9414-64831FC61BC6}.Release|Any CPU.ActiveCfg = Release|Any CPU
		{492815E7-2D5D-4D5D-9414-64831FC61BC6}.Release|Any CPU.Build.0 = Release|Any CPU
		{B20EF9AB-E6B3-4776-8F33-4BEE129FEF2C}.Debug|Any CPU.ActiveCfg = Debug|Any CPU
		{B20EF9AB-E6B3-4776-8F33-4BEE129FEF2C}.Debug|Any CPU.Build.0 = Debug|Any CPU
		{B20EF9AB-E6B3-4776-8F33-4BEE129FEF2C}.Release|Any CPU.ActiveCfg = Release|Any CPU
		{B20EF9AB-E6B3-4776-8F33-4BEE129FEF2C}.Release|Any CPU.Build.0 = Release|Any CPU
		{FC5E879E-9769-4E43-8AEC-356BACCC72A4}.Debug|Any CPU.ActiveCfg = Debug|Any CPU
		{FC5E879E-9769-4E43-8AEC-356BACCC72A4}.Debug|Any CPU.Build.0 = Debug|Any CPU
		{FC5E879E-9769-4E43-8AEC-356BACCC72A4}.Release|Any CPU.ActiveCfg = Release|Any CPU
		{FC5E879E-9769-4E43-8AEC-356BACCC72A4}.Release|Any CPU.Build.0 = Release|Any CPU
	EndGlobalSection
	GlobalSection(SolutionProperties) = preSolution
		HideSolutionNode = FALSE
	EndGlobalSection
	GlobalSection(ExtensibilityGlobals) = postSolution
		SolutionGuid = {3344527F-10D2-48A7-8AC0-3BA60C306DCE}
	EndGlobalSection
EndGlobal
