
Microsoft Visual Studio Solution File, Format Version 12.00
# Visual Studio Version 16
VisualStudioVersion = 16.0.31702.278
MinimumVisualStudioVersion = 10.0.40219.1
Project("{FAE04EC0-301F-11D3-BF4B-00C04F79EFBC}") = "ConvertMetersToKilometers", "ConvertMetersToKilometers\ConvertMetersToKilometers.csproj", "{CF041C1D-55D4-4E2D-BFE3-CB0A367A3D59}"
EndProject
Project("{FAE04EC0-301F-11D3-BF4B-00C04F79EFBC}") = "PoundsToDollars", "PoundsToDollars\PoundsToDollars.csproj", "{BB22938D-4920-4010-B472-94BEAB4EFB50}"
EndProject
Project("{FAE04EC0-301F-11D3-BF4B-00C04F79EFBC}") = "ExactSumOfNumbers", "ExactSumOfNumbers\ExactSumOfNumbers.csproj", "{26051E87-D051-40F1-A942-98F19F3F6F14}"
EndProject
Project("{FAE04EC0-301F-11D3-BF4B-00C04F79EFBC}") = "CenturiestToMinutes", "CenturiestToMinutes\CenturiestToMinutes.csproj", "{09EECA4A-6D49-4D6E-BD9D-301ED3D0A23F}"
EndProject
Global
	GlobalSection(SolutionConfigurationPlatforms) = preSolution
		Debug|Any CPU = Debug|Any CPU
		Release|Any CPU = Release|Any CPU
	EndGlobalSection
	GlobalSection(ProjectConfigurationPlatforms) = postSolution
		{CF041C1D-55D4-4E2D-BFE3-CB0A367A3D59}.Debug|Any CPU.ActiveCfg = Debug|Any CPU
		{CF041C1D-55D4-4E2D-BFE3-CB0A367A3D59}.Debug|Any CPU.Build.0 = Debug|Any CPU
		{CF041C1D-55D4-4E2D-BFE3-CB0A367A3D59}.Release|Any CPU.ActiveCfg = Release|Any CPU
		{CF041C1D-55D4-4E2D-BFE3-CB0A367A3D59}.Release|Any CPU.Build.0 = Release|Any CPU
		{BB22938D-4920-4010-B472-94BEAB4EFB50}.Debug|Any CPU.ActiveCfg = Debug|Any CPU
		{BB22938D-4920-4010-B472-94BEAB4EFB50}.Debug|Any CPU.Build.0 = Debug|Any CPU
		{BB22938D-4920-4010-B472-94BEAB4EFB50}.Release|Any CPU.ActiveCfg = Release|Any CPU
		{BB22938D-4920-4010-B472-94BEAB4EFB50}.Release|Any CPU.Build.0 = Release|Any CPU
		{26051E87-D051-40F1-A942-98F19F3F6F14}.Debug|Any CPU.ActiveCfg = Debug|Any CPU
		{26051E87-D051-40F1-A942-98F19F3F6F14}.Debug|Any CPU.Build.0 = Debug|Any CPU
		{26051E87-D051-40F1-A942-98F19F3F6F14}.Release|Any CPU.ActiveCfg = Release|Any CPU
		{26051E87-D051-40F1-A942-98F19F3F6F14}.Release|Any CPU.Build.0 = Release|Any CPU
		{09EECA4A-6D49-4D6E-BD9D-301ED3D0A23F}.Debug|Any CPU.ActiveCfg = Debug|Any CPU
		{09EECA4A-6D49-4D6E-BD9D-301ED3D0A23F}.Debug|Any CPU.Build.0 = Debug|Any CPU
		{09EECA4A-6D49-4D6E-BD9D-301ED3D0A23F}.Release|Any CPU.ActiveCfg = Release|Any CPU
		{09EECA4A-6D49-4D6E-BD9D-301ED3D0A23F}.Release|Any CPU.Build.0 = Release|Any CPU
	EndGlobalSection
	GlobalSection(SolutionProperties) = preSolution
		HideSolutionNode = FALSE
	EndGlobalSection
	GlobalSection(ExtensibilityGlobals) = postSolution
		SolutionGuid = {0E55BFB3-AF7E-4DA0-A3FA-A3E4665310B0}
	EndGlobalSection
EndGlobal
