
Microsoft Visual Studio Solution File, Format Version 12.00
# Visual Studio Version 16
VisualStudioVersion = 16.0.31702.278
MinimumVisualStudioVersion = 10.0.40219.1
Project("{FAE04EC0-301F-11D3-BF4B-00C04F79EFBC}") = "Train", "Train\Train.csproj", "{CDBE1B97-4F85-4812-965D-5F370F34F173}"
EndProject
Global
	GlobalSection(SolutionConfigurationPlatforms) = preSolution
		Debug|Any CPU = Debug|Any CPU
		Release|Any CPU = Release|Any CPU
	EndGlobalSection
	GlobalSection(ProjectConfigurationPlatforms) = postSolution
		{CDBE1B97-4F85-4812-965D-5F370F34F173}.Debug|Any CPU.ActiveCfg = Debug|Any CPU
		{CDBE1B97-4F85-4812-965D-5F370F34F173}.Debug|Any CPU.Build.0 = Debug|Any CPU
		{CDBE1B97-4F85-4812-965D-5F370F34F173}.Release|Any CPU.ActiveCfg = Release|Any CPU
		{CDBE1B97-4F85-4812-965D-5F370F34F173}.Release|Any CPU.Build.0 = Release|Any CPU
	EndGlobalSection
	GlobalSection(SolutionProperties) = preSolution
		HideSolutionNode = FALSE
	EndGlobalSection
	GlobalSection(ExtensibilityGlobals) = postSolution
		SolutionGuid = {8A1B8FA5-95D5-461E-B49C-72CF6D30ACEC}
	EndGlobalSection
EndGlobal
