
Microsoft Visual Studio Solution File, Format Version 12.00
# Visual Studio Version 17
VisualStudioVersion = 17.2.32505.173
MinimumVisualStudioVersion = 10.0.40219.1
Project("{9A19103F-16F7-4668-BE54-9A1E7A4F7556}") = "Train", "Train\Train.csproj", "{CDBE1B97-4F85-4812-965D-5F370F34F173}"
EndProject
Project("{9A19103F-16F7-4668-BE54-9A1E7A4F7556}") = "CommonElements", "CommonElements\CommonElements.csproj", "{4098E768-6787-4BFD-A77C-D64B174053F8}"
EndProject
Project("{FAE04EC0-301F-11D3-BF4B-00C04F79EFBC}") = "TopIntegers", "TopIntegers\TopIntegers.csproj", "{72F1EF38-6F81-4F28-9795-1F96DC506B53}"
EndProject
Project("{FAE04EC0-301F-11D3-BF4B-00C04F79EFBC}") = "EqualSums", "EqualSums\EqualSums.csproj", "{3CFB79BE-5436-4E2F-B643-F67BBBF799D2}"
EndProject
Global
	GlobalSection(SolutionConfigurationPlatforms) = preSolution
		Debug|Any CPU = Debug|Any CPU
		Release|Any CPU = Release|Any CPU
	EndGlobalSection
	GlobalSection(ProjectConfigurationPlatforms) = postSolution
		{CDBE1B97-4F85-4812-965D-5F370F34F173}.Debug|Any CPU.ActiveCfg = Debug|Any CPU
		{CDBE1B97-4F85-4812-965D-5F370F34F173}.Debug|Any CPU.Build.0 = Debug|Any CPU
		{CDBE1B97-4F85-4812-965D-5F370F34F173}.Release|Any CPU.ActiveCfg = Release|Any CPU
		{CDBE1B97-4F85-4812-965D-5F370F34F173}.Release|Any CPU.Build.0 = Release|Any CPU
		{4098E768-6787-4BFD-A77C-D64B174053F8}.Debug|Any CPU.ActiveCfg = Debug|Any CPU
		{4098E768-6787-4BFD-A77C-D64B174053F8}.Debug|Any CPU.Build.0 = Debug|Any CPU
		{4098E768-6787-4BFD-A77C-D64B174053F8}.Release|Any CPU.ActiveCfg = Release|Any CPU
		{4098E768-6787-4BFD-A77C-D64B174053F8}.Release|Any CPU.Build.0 = Release|Any CPU
		{72F1EF38-6F81-4F28-9795-1F96DC506B53}.Debug|Any CPU.ActiveCfg = Debug|Any CPU
		{72F1EF38-6F81-4F28-9795-1F96DC506B53}.Debug|Any CPU.Build.0 = Debug|Any CPU
		{72F1EF38-6F81-4F28-9795-1F96DC506B53}.Release|Any CPU.ActiveCfg = Release|Any CPU
		{72F1EF38-6F81-4F28-9795-1F96DC506B53}.Release|Any CPU.Build.0 = Release|Any CPU
		{3CFB79BE-5436-4E2F-B643-F67BBBF799D2}.Debug|Any CPU.ActiveCfg = Debug|Any CPU
		{3CFB79BE-5436-4E2F-B643-F67BBBF799D2}.Debug|Any CPU.Build.0 = Debug|Any CPU
		{3CFB79BE-5436-4E2F-B643-F67BBBF799D2}.Release|Any CPU.ActiveCfg = Release|Any CPU
		{3CFB79BE-5436-4E2F-B643-F67BBBF799D2}.Release|Any CPU.Build.0 = Release|Any CPU
	EndGlobalSection
	GlobalSection(SolutionProperties) = preSolution
		HideSolutionNode = FALSE
	EndGlobalSection
	GlobalSection(ExtensibilityGlobals) = postSolution
		SolutionGuid = {8A1B8FA5-95D5-461E-B49C-72CF6D30ACEC}
	EndGlobalSection
EndGlobal
