
Microsoft Visual Studio Solution File, Format Version 12.00
# Visual Studio Version 16
VisualStudioVersion = 16.0.31702.278
MinimumVisualStudioVersion = 10.0.40219.1
Project("{9A19103F-16F7-4668-BE54-9A1E7A4F7556}") = "GaussTrick", "GaussTrick\GaussTrick.csproj", "{B1BD5791-3F47-412B-9907-C046DDB56897}"
EndProject
Project("{FAE04EC0-301F-11D3-BF4B-00C04F79EFBC}") = "SumAdjacentEqualNumbers", "SumAdjacentEqualNumbers\SumAdjacentEqualNumbers.csproj", "{2DC659AB-D8D5-44BF-B22C-DA6F78C6A602}"
EndProject
Project("{FAE04EC0-301F-11D3-BF4B-00C04F79EFBC}") = "MergingLists", "MergingLists\MergingLists.csproj", "{D2547CC5-4D5A-443C-ADE6-CB5097B77136}"
EndProject
Project("{FAE04EC0-301F-11D3-BF4B-00C04F79EFBC}") = "ListOfProducts", "ListOfProducts\ListOfProducts.csproj", "{1558CAEA-CD57-4349-9940-C1B3C8B241AB}"
EndProject
Project("{FAE04EC0-301F-11D3-BF4B-00C04F79EFBC}") = "RemoveNegativesAndReverse", "RemoveNegativesAndReverse\RemoveNegativesAndReverse.csproj", "{7F3E5417-2596-4831-A9EB-B042E9181016}"
EndProject
Global
	GlobalSection(SolutionConfigurationPlatforms) = preSolution
		Debug|Any CPU = Debug|Any CPU
		Release|Any CPU = Release|Any CPU
	EndGlobalSection
	GlobalSection(ProjectConfigurationPlatforms) = postSolution
		{B1BD5791-3F47-412B-9907-C046DDB56897}.Debug|Any CPU.ActiveCfg = Debug|Any CPU
		{B1BD5791-3F47-412B-9907-C046DDB56897}.Debug|Any CPU.Build.0 = Debug|Any CPU
		{B1BD5791-3F47-412B-9907-C046DDB56897}.Release|Any CPU.ActiveCfg = Release|Any CPU
		{B1BD5791-3F47-412B-9907-C046DDB56897}.Release|Any CPU.Build.0 = Release|Any CPU
		{2DC659AB-D8D5-44BF-B22C-DA6F78C6A602}.Debug|Any CPU.ActiveCfg = Debug|Any CPU
		{2DC659AB-D8D5-44BF-B22C-DA6F78C6A602}.Debug|Any CPU.Build.0 = Debug|Any CPU
		{2DC659AB-D8D5-44BF-B22C-DA6F78C6A602}.Release|Any CPU.ActiveCfg = Release|Any CPU
		{2DC659AB-D8D5-44BF-B22C-DA6F78C6A602}.Release|Any CPU.Build.0 = Release|Any CPU
		{D2547CC5-4D5A-443C-ADE6-CB5097B77136}.Debug|Any CPU.ActiveCfg = Debug|Any CPU
		{D2547CC5-4D5A-443C-ADE6-CB5097B77136}.Debug|Any CPU.Build.0 = Debug|Any CPU
		{D2547CC5-4D5A-443C-ADE6-CB5097B77136}.Release|Any CPU.ActiveCfg = Release|Any CPU
		{D2547CC5-4D5A-443C-ADE6-CB5097B77136}.Release|Any CPU.Build.0 = Release|Any CPU
		{1558CAEA-CD57-4349-9940-C1B3C8B241AB}.Debug|Any CPU.ActiveCfg = Debug|Any CPU
		{1558CAEA-CD57-4349-9940-C1B3C8B241AB}.Debug|Any CPU.Build.0 = Debug|Any CPU
		{1558CAEA-CD57-4349-9940-C1B3C8B241AB}.Release|Any CPU.ActiveCfg = Release|Any CPU
		{1558CAEA-CD57-4349-9940-C1B3C8B241AB}.Release|Any CPU.Build.0 = Release|Any CPU
		{7F3E5417-2596-4831-A9EB-B042E9181016}.Debug|Any CPU.ActiveCfg = Debug|Any CPU
		{7F3E5417-2596-4831-A9EB-B042E9181016}.Debug|Any CPU.Build.0 = Debug|Any CPU
		{7F3E5417-2596-4831-A9EB-B042E9181016}.Release|Any CPU.ActiveCfg = Release|Any CPU
		{7F3E5417-2596-4831-A9EB-B042E9181016}.Release|Any CPU.Build.0 = Release|Any CPU
	EndGlobalSection
	GlobalSection(SolutionProperties) = preSolution
		HideSolutionNode = FALSE
	EndGlobalSection
	GlobalSection(ExtensibilityGlobals) = postSolution
		SolutionGuid = {B4578A85-7E94-4800-9FC8-BBC6292F5741}
	EndGlobalSection
EndGlobal
