
Microsoft Visual Studio Solution File, Format Version 12.00
# Visual Studio Version 16
VisualStudioVersion = 16.0.31702.278
MinimumVisualStudioVersion = 10.0.40219.1
Project("{FAE04EC0-301F-11D3-BF4B-00C04F79EFBC}") = "DataTypeFinder", "DataTypeFinder\DataTypeFinder.csproj", "{1DBB28D7-CD2A-414B-ADB8-4A2A834E18BE}"
EndProject
Project("{FAE04EC0-301F-11D3-BF4B-00C04F79EFBC}") = "FromLeftToTheRight", "FromLeftToTheRight\FromLeftToTheRight.csproj", "{E3205A14-4E71-4BFA-89DA-B3A59F481DC2}"
EndProject
Project("{FAE04EC0-301F-11D3-BF4B-00C04F79EFBC}") = "DecryptingMessage", "DecryptingMessage\DecryptingMessage.csproj", "{2C7235BF-58DC-4E43-9258-AD28B1B79D30}"
EndProject
Project("{FAE04EC0-301F-11D3-BF4B-00C04F79EFBC}") = "Refactoring-PrimeChecker", "Refactoring-PrimeChecker\Refactoring-PrimeChecker.csproj", "{A8726D74-4E71-4372-9907-18AF49FBE6A3}"
EndProject
Global
	GlobalSection(SolutionConfigurationPlatforms) = preSolution
		Debug|Any CPU = Debug|Any CPU
		Release|Any CPU = Release|Any CPU
	EndGlobalSection
	GlobalSection(ProjectConfigurationPlatforms) = postSolution
		{1DBB28D7-CD2A-414B-ADB8-4A2A834E18BE}.Debug|Any CPU.ActiveCfg = Debug|Any CPU
		{1DBB28D7-CD2A-414B-ADB8-4A2A834E18BE}.Debug|Any CPU.Build.0 = Debug|Any CPU
		{1DBB28D7-CD2A-414B-ADB8-4A2A834E18BE}.Release|Any CPU.ActiveCfg = Release|Any CPU
		{1DBB28D7-CD2A-414B-ADB8-4A2A834E18BE}.Release|Any CPU.Build.0 = Release|Any CPU
		{E3205A14-4E71-4BFA-89DA-B3A59F481DC2}.Debug|Any CPU.ActiveCfg = Debug|Any CPU
		{E3205A14-4E71-4BFA-89DA-B3A59F481DC2}.Debug|Any CPU.Build.0 = Debug|Any CPU
		{E3205A14-4E71-4BFA-89DA-B3A59F481DC2}.Release|Any CPU.ActiveCfg = Release|Any CPU
		{E3205A14-4E71-4BFA-89DA-B3A59F481DC2}.Release|Any CPU.Build.0 = Release|Any CPU
		{2C7235BF-58DC-4E43-9258-AD28B1B79D30}.Debug|Any CPU.ActiveCfg = Debug|Any CPU
		{2C7235BF-58DC-4E43-9258-AD28B1B79D30}.Debug|Any CPU.Build.0 = Debug|Any CPU
		{2C7235BF-58DC-4E43-9258-AD28B1B79D30}.Release|Any CPU.ActiveCfg = Release|Any CPU
		{2C7235BF-58DC-4E43-9258-AD28B1B79D30}.Release|Any CPU.Build.0 = Release|Any CPU
		{A8726D74-4E71-4372-9907-18AF49FBE6A3}.Debug|Any CPU.ActiveCfg = Debug|Any CPU
		{A8726D74-4E71-4372-9907-18AF49FBE6A3}.Debug|Any CPU.Build.0 = Debug|Any CPU
		{A8726D74-4E71-4372-9907-18AF49FBE6A3}.Release|Any CPU.ActiveCfg = Release|Any CPU
		{A8726D74-4E71-4372-9907-18AF49FBE6A3}.Release|Any CPU.Build.0 = Release|Any CPU
	EndGlobalSection
	GlobalSection(SolutionProperties) = preSolution
		HideSolutionNode = FALSE
	EndGlobalSection
	GlobalSection(ExtensibilityGlobals) = postSolution
		SolutionGuid = {07585FBC-C3AC-491C-82EB-11A1F189BFCC}
	EndGlobalSection
EndGlobal
